{
  "lockfile-version": 1,
  "manifest": {
    "schema-version": "1.17.0",
    "install": {
      "claude-code": {
        "pkg-path": "claude-code",
        "pkg-group": "claude-code",
        "version": "^2.1.287"
      },
      "codex": {
        "pkg-path": "codex",
        "pkg-group": "codex",
        "version": "^0.160.0"
      },
      "docker": {
        "pkg-path": "docker",
        "version": "^29.8.0"
      },
      "docker-compose": {
        "pkg-path": "docker-compose",
        "version": "^5.5.1"
      },
      "gh": {
        "pkg-path": "gh",
        "version": "^2.102.0"
      },
      "git": {
        "pkg-path": "git",
        "version": "^2.55.0",
        "outputs": "all"
      },
      "go": {
        "pkg-path": "go",
        "pkg-group": "go",
        "version": "1.26.8"
      },
      "go-task": {
        "pkg-path": "go-task",
        "version": "^3.53.1"
      },
      "golangci-lint": {
        "pkg-path": "golangci-lint",
        "version": "^2.14.0"
      },
      "gopls": {
        "pkg-path": "gopls",
        "version": "^0.23.0"
      },
      "infer": {
        "flake": "github:inference-gateway/cli/v0.225.0"
      },
      "k3d": {
        "pkg-path": "k3d",
        "version": "5.9.0"
      },
      "markdownlint-cli": {
        "pkg-path": "markdownlint-cli",
        "version": "^0.49.1"
      },
      "nodejs": {
        "pkg-path": "nodejs_24",
        "version": "^24.20.0"
      },
      "ripgrep": {
        "pkg-path": "ripgrep",
        "version": "^15.2.0"
      }
    },
    "vars": {
      "GO111MODULE": "on",
      "GOPATH": "$HOME/go",
      "GOPROXY": "https://proxy.golang.org,direct",
      "GOSUMDB": "sum.golang.org",
      "NODE_PATH": "$FLOX_ENV_PROJECT/.flox/npm/lib/node_modules",
      "NPM_CONFIG_PREFIX": "$FLOX_ENV_PROJECT/.flox/npm"
    },
    "hook": {
      "on-activate": "  export PATH=\"$HOME/go/bin:$PATH\"\n"
    },
    "options": {}
  },
  "packages": [
    {
      "attr_path": "claude-code",
      "broken": false,
      "derivation": "/nix/store/fixpl5x1k09k15rj10wjqhgncj78c3n9-claude-code-2.1.287.drv",
      "description": "Agentic coding tool that lives in your terminal, understands your codebase, and helps you code faster",
      "install_id": "claude-code",
      "license": "Unfree",
      "locked_url": "https://github.com/flox/nixpkgs?rev=a7868a727837f3c09cee2ce0ca671c76b1589fed",
      "name": "claude-code-2.1.287",
      "pname": "claude-code",
      "rev": "a7868a727837f3c09cee2ce0ca671c76b1589fed",
      "rev_count": 1084968,
      "rev_date": "2026-10-03T17:36:20Z",
      "scrape_date": "2026-10-05T05:00:14.527082Z",
      "stabilities": [
        "unstable"
      ],
      "unfree": true,
      "version": "2.1.287",
      "outputs_to_install": [
        "out"
      ],
      "outputs": {
        "out": "/nix/store/cxr08mp70qfdri50liixf1ai60bw7q9y-claude-code-2.1.287"
      },
      "system": "aarch64-darwin",
      "group": "claude-code",
      "priority": 5
    },
    {
      "attr_path": "claude-code",
      "broken": false,
      "derivation": "/nix/store/bag3njgk5vndrlrcb0pm21hb8n1vhxxr-claude-code-2.1.287.drv",
      "description": "Agentic coding tool that lives in your terminal, understands your codebase, and helps you code faster",
      "install_id": "claude-code",
      "license": "Unfree",
      "locked_url": "https://github.com/flox/nixpkgs?rev=a7868a727837f3c09cee2ce0ca671c76b1589fed",
      "name": "claude-code-2.1.287",
      "pname": "claude-code",
      "rev": "a7868a727837f3c09cee2ce0ca671c76b1589fed",
      "rev_count": 1084968,
      "rev_date": "2026-10-03T17:36:20Z",
      "scrape_date": "2026-10-05T05:33:15.502474Z",
      "stabilities": [
        "unstable"
      ],
      "unfree": true,
      "version": "2.1.287",
      "outputs_to_install": [
        "out"
      ],
      "outputs": {
        "out": "/nix/store/81ihgnv695ffjy6p68dfzcr0l5zfg6y9-claude-code-2.1.287"
      },
      "system": "aarch64-linux",
      "group": "claude-code",
      "priority": 5
    },
    {
      "attr_path": "claude-code",
      "broken": false,
      "derivation": "/nix/store/13prlm6n079yvmwng5xlzkcfm2ahfj94-claude-code-2.1.287.drv",
      "description": "Agentic coding tool that lives in your terminal, understands your codebase, and helps you code faster",
      "install_id": "claude-code",
      "license": "Unfree",
      "locked_url": "https://github.com/flox/nixpkgs?rev=a7868a727837f3c09cee2ce0ca671c76b1589fed",
      "name": "claude-code-2.1.287",
      "pname": "claude-code",
      "rev": "a7868a727837f3c09cee2ce0ca671c76b1589fed",
      "rev_count": 1084968,
      "rev_date": "2026-10-03T17:36:20Z",
      "scrape_date": "2026-10-05T06:09:57.309158Z",
      "stabilities": [
        "unstable"
      ],
      "unfree": true,
      "version": "2.1.287",
      "outputs_to_install": [
        "out"
      ],
      "outputs": {
        "out": "/nix/store/lks3lpn2s7jgilidk3j0x14mqhxxbrds-claude-code-2.1.287"
      },
      "system": "x86_64-linux",
      "group": "claude-code",
      "priority": 5
    },
    {
      "attr_path": "codex",
      "broken": false,
      "derivation": "/nix/store/nsbx1m27rm3h93l7qch6yxjdr0wd7bva-codex-0.160.0.drv",
      "description": "Lightweight coding agent that runs in your terminal",
      "install_id": "codex",
      "license": "Apache-2.0",
      "locked_url": "https://github.com/flox/nixpkgs?rev=a7868a727837f3c09cee2ce0ca671c76b1589fed",
      "name": "codex-0.160.0",
      "pname": "codex",
      "rev": "a7868a727837f3c09cee2ce0ca671c76b1589fed",
      "rev_count": 1084968,
      "rev_date": "2026-10-03T17:36:20Z",
      "scrape_date": "2026-10-05T05:00:14.582172Z",
      "stabilities": [
        "unstable"
      ],
      "unfree": false,
      "version": "0.160.0",
      "outputs_to_install": [
        "out"
      ],
      "outputs": {
        "out": "/nix/store/yhkyj72l486ffzsrjgv48pz0qb6kdl2g-codex-0.160.0"
      },
      "system": "aarch64-darwin",
      "group": "codex",
      "priority": 5
    },
    {
      "attr_path": "codex",
      "broken": false,
      "derivation": "/nix/store/kj9vq6wb9xwzjy7hay134yv3dw1ja1p2-codex-0.160.0.drv",
      "description": "Lightweight coding agent that runs in your terminal",
      "install_id": "codex",
      "license": "Apache-2.0",
      "locked_url": "https://github.com/flox/nixpkgs?rev=a7868a727837f3c09cee2ce0ca671c76b1589fed",
      "name": "codex-0.160.0",
      "pname": "codex",
      "rev": "a7868a727837f3c09cee2ce0ca671c76b1589fed",
      "rev_count": 1084968,
      "rev_date": "2026-10-03T17:36:20Z",
      "scrape_date": "2026-10-05T05:33:15.562724Z",
      "stabilities": [
        "unstable"
      ],
      "unfree": false,
      "version": "0.160.0",
      "outputs_to_install": [
        "out"
      ],
      "outputs": {
        "out": "/nix/store/v14hwiz0qix2rwrcyhyxggpacy22fpld-codex-0.160.0"
      },
      "system": "aarch64-linux",
      "group": "codex",
      "priority": 5
    },
    {
      "attr_path": "codex",
      "broken": false,
      "derivation": "/nix/store/8mhacwn1qnxsqknch3bgngv89f37l2w6-codex-0.160.0.drv",
      "description": "Lightweight coding agent that runs in your terminal",
      "install_id": "codex",
      "license": "Apache-2.0",
      "locked_url": "https://github.com/flox/nixpkgs?rev=a7868a727837f3c09cee2ce0ca671c76b1589fed",
      "name": "codex-0.160.0",
      "pname": "codex",
      "rev": "a7868a727837f3c09cee2ce0ca671c76b1589fed",
      "rev_count": 1084968,
      "rev_date": "2026-10-03T17:36:20Z",
      "scrape_date": "2026-10-05T06:09:57.373909Z",
      "stabilities": [
        "unstable"
      ],
      "unfree": false,
      "version": "0.160.0",
      "outputs_to_install": [
        "out"
      ],
      "outputs": {
        "out": "/nix/store/np442w66n363ydl8xp92lzkmdj5bih4a-codex-0.160.0"
      },
      "system": "x86_64-linux",
      "group": "codex",
      "priority": 5
    },
    {
      "attr_path": "go",
      "broken": false,
      "derivation": "/nix/store/hw9s3y4ggwn2mnr4dpnlr3pzlq6pfc3d-go-1.26.8.drv",
      "description": "Go Programming language",
      "install_id": "go",
      "license": "BSD-3-Clause",
      "locked_url": "https://github.com/flox/nixpkgs?rev=a7868a727837f3c09cee2ce0ca671c76b1589fed",
      "name": "go-1.26.8",
      "pname": "go",
      "rev": "a7868a727837f3c09cee2ce0ca671c76b1589fed",
      "rev_count": 1084968,
      "rev_date": "2026-10-03T17:36:20Z",
      "scrape_date": "2026-10-05T05:00:15.772517Z",
      "stabilities": [
        "unstable"
      ],
      "unfree": false,
      "version": "1.26.8",
      "outputs_to_install": [
        "out"
      ],
      "outputs": {
        "out": "/nix/store/isqxa82c7f65sbhi51npr0547yz87bh5-go-1.26.8"
      },
      "system": "aarch64-darwin",
      "group": "go",
      "priority": 5
    },
    {
      "attr_path": "go",
      "broken": false,
      "derivation": "/nix/store/mvzy81jgrz380qa717xzvl3k8a978shb-go-1.26.8.drv",
      "description": "Go Programming language",
      "install_id": "go",
      "license": "BSD-3-Clause",
      "locked_url": "https://github.com/flox/nixpkgs?rev=a7868a727837f3c09cee2ce0ca671c76b1589fed",
      "name": "go-1.26.8",
      "pname": "go",
      "rev": "a7868a727837f3c09cee2ce0ca671c76b1589fed",
      "rev_count": 1084968,
      "rev_date": "2026-10-03T17:36:20Z",
      "scrape_date": "2026-10-05T05:33:17.805003Z",
      "stabilities": [
        "unstable"
      ],
      "unfree": false,
      "version": "1.26.8",
      "outputs_to_install": [
        "out"
      ],
      "outputs": {
        "out": "/nix/store/3677bfwiaibp0fs0dxijmn8bsmkx31vx-go-1.26.8"
      },
      "system": "aarch64-linux",
      "group": "go",
      "priority": 5
    },
    {
      "attr_path": "go",
      "broken": false,
      "derivation": "/nix/store/x0zllw4xw2cdql7jvzqdjhibgavvl7d9-go-1.26.8.drv",
      "description": "Go Programming language",
      "install_id": "go",
      "license": "BSD-3-Clause",
      "locked_url": "https://github.com/flox/nixpkgs?rev=a7868a727837f3c09cee2ce0ca671c76b1589fed",
      "name": "go-1.26.8",
      "pname": "go",
      "rev": "a7868a727837f3c09cee2ce0ca671c76b1589fed",
      "rev_count": 1084968,
      "rev_date": "2026-10-03T17:36:20Z",
      "scrape_date": "2026-10-05T06:09:59.872264Z",
      "stabilities": [
        "unstable"
      ],
      "unfree": false,
      "version": "1.26.8",
      "outputs_to_install": [
        "out"
      ],
      "outputs": {
        "out": "/nix/store/iqq9yz2yrcrzsn52h3vkkz72i92h1zds-go-1.26.8"
      },
      "system": "x86_64-linux",
      "group": "go",
      "priority": 5
    },
    {
      "attr_path": "docker",
      "broken": false,
      "derivation": "/nix/store/jxi27rg34xv0p2ym5zhmbarh77xbzcw3-docker-29.8.1.drv",
      "description": "Open source project to pack, ship and run any application as a lightweight container",
      "install_id": "docker",
      "license": "Apache-2.0",
      "locked_url": "https://github.com/flox/nixpkgs?rev=c59305bab2065cfecc4944690d9eedbb56f3a9fa",
      "name": "docker-29.8.1",
      "pname": "docker",
      "rev": "c59305bab2065cfecc4944690d9eedbb56f3a9fa",
      "rev_count": 1083223,
      "rev_date": "2026-10-01T02:47:39Z",
      "scrape_date": "2026-10-02T04:59:39.955369Z",
      "stabilities": [
        "staging",
        "unstable"
      ],
      "unfree": false,
      "version": "29.8.1",
      "outputs_to_install": [
        "out"
      ],
      "outputs": {
        "out": "/nix/store/fk8bjfa9sjfamvx0hqcf9bs0vlc9jpp6-docker-29.8.1"
      },
      "system": "aarch64-darwin",
      "group": "toplevel",
      "priority": 5
    },
    {
      "attr_path": "docker",
      "broken": false,
      "derivation": "/nix/store/h4vxd41nncb0hfkn6widi4d1l4vb6l4b-docker-29.8.1.drv",
      "description": "Open source project to pack, ship and run any application as a lightweight container",
      "install_id": "docker",
      "license": "Apache-2.0",
      "locked_url": "https://github.com/flox/nixpkgs?rev=c59305bab2065cfecc4944690d9eedbb56f3a9fa",
      "name": "docker-29.8.1",
      "pname": "docker",
      "rev": "c59305bab2065cfecc4944690d9eedbb56f3a9fa",
      "rev_count": 1083223,
      "rev_date": "2026-10-01T02:47:39Z",
      "scrape_date": "2026-10-02T05:33:09.098072Z",
      "stabilities": [
        "staging",
        "unstable"
      ],
      "unfree": false,
      "version": "29.8.1",
      "outputs_to_install": [
        "out"
      ],
      "outputs": {
        "out": "/nix/store/08a3qpvvvdhpv93ajp4ggbqf0b98nw41-docker-29.8.1"
      },
      "system": "aarch64-linux",
      "group": "toplevel",
      "priority": 5
    },
    {
      "attr_path": "docker",
      "broken": false,
      "derivation": "/nix/store/2pfzvlcfg0sa20i60sp4nx9lnw4cxrqp-docker-29.8.1.drv",
      "description": "Open source project to pack, ship and run any application as a lightweight container",
      "install_id": "docker",
      "license": "Apache-2.0",
      "locked_url": "https://github.com/flox/nixpkgs?rev=c59305bab2065cfecc4944690d9eedbb56f3a9fa",
      "name": "docker-29.8.1",
      "pname": "docker",
      "rev": "c59305bab2065cfecc4944690d9eedbb56f3a9fa",
      "rev_count": 1083223,
      "rev_date": "2026-10-01T02:47:39Z",
      "scrape_date": "2026-10-02T06:09:42.476474Z",
      "stabilities": [
        "staging",
        "unstable"
      ],
      "unfree": false,
      "version": "29.8.1",
      "outputs_to_install": [
        "out"
      ],
      "outputs": {
        "out": "/nix/store/01rfm6sza6z1rmhhc11cl2mjs9xmmjdn-docker-29.8.1"
      },
      "system": "x86_64-linux",
      "group": "toplevel",
      "priority": 5
    },
    {
      "attr_path": "docker-compose",
      "broken": false,
      "derivation": "/nix/store/l0l3ih4qv7v5xbh9fs3wrfgar6li14cs-docker-compose-5.5.1.drv",
      "description": "Docker CLI plugin to define and run multi-container applications with Docker",
      "install_id": "docker-compose",
      "license": "Apache-2.0",
      "locked_url": "https://github.com/flox/nixpkgs?rev=c59305bab2065cfecc4944690d9eedbb56f3a9fa",
      "name": "docker-compose-5.5.1",
      "pname": "docker-compose",
      "rev": "c59305bab2065cfecc4944690d9eedbb56f3a9fa",
      "rev_count": 1083223,
      "rev_date": "2026-10-01T02:47:39Z",
      "scrape_date": "2026-10-02T04:59:39.956868Z",
      "stabilities": [
        "staging",
        "unstable"
      ],
      "unfree": false,
      "version": "5.5.1",
      "outputs_to_install": [
        "out"
      ],
      "outputs": {
        "out": "/nix/store/yzgjmz7nmmaqph3sqpzrsmnckxlxhs8s-docker-compose-5.5.1"
      },
      "system": "aarch64-darwin",
      "group": "toplevel",
      "priority": 5
    },
    {
      "attr_path": "docker-compose",
      "broken": false,
      "derivation": "/nix/store/wnb7qjginxxbjl8f7rqkxlkjg94sfs11-docker-compose-5.5.1.drv",
      "description": "Docker CLI plugin to define and run multi-container applications with Docker",
      "install_id": "docker-compose",
      "license": "Apache-2.0",
      "locked_url": "https://github.com/flox/nixpkgs?rev=c59305bab2065cfecc4944690d9eedbb56f3a9fa",
      "name": "docker-compose-5.5.1",
      "pname": "docker-compose",
      "rev": "c59305bab2065cfecc4944690d9eedbb56f3a9fa",
      "rev_count": 1083223,
      "rev_date": "2026-10-01T02:47:39Z",
      "scrape_date": "2026-10-02T05:33:09.099156Z",
      "stabilities": [
        "staging",
        "unstable"
      ],
      "unfree": false,
      "version": "5.5.1",
      "outputs_to_install": [
        "out"
      ],
      "outputs": {
        "out": "/nix/store/mlijivnmxbzyzigajiv87qd61bmzfqmm-docker-compose-5.5.1"
      },
      "system": "aarch64-linux",
      "group": "toplevel",
      "priority": 5
    },
    {
      "attr_path": "docker-compose",
      "broken": false,
      "derivation": "/nix/store/1vmnpq94n413dx2q4i3pbdyk2f0f3vl4-docker-compose-5.5.1.drv",
      "description": "Docker CLI plugin to define and run multi-container applications with Docker",
      "install_id": "docker-compose",
      "license": "Apache-2.0",
      "locked_url": "https://github.com/flox/nixpkgs?rev=c59305bab2065cfecc4944690d9eedbb56f3a9fa",
      "name": "docker-compose-5.5.1",
      "pname": "docker-compose",
      "rev": "c59305bab2065cfecc4944690d9eedbb56f3a9fa",
      "rev_count": 1083223,
      "rev_date": "2026-10-01T02:47:39Z",
      "scrape_date": "2026-10-02T06:09:42.477620Z",
      "stabilities": [
        "staging",
        "unstable"
      ],
      "unfree": false,
      "version": "5.5.1",
      "outputs_to_install": [
        "out"
      ],
      "outputs": {
        "out": "/nix/store/60fd61rd0q57pg591nj1i4gh5rzgnbyp-docker-compose-5.5.1"
      },
      "system": "x86_64-linux",
      "group": "toplevel",
      "priority": 5
    },
    {
      "attr_path": "gh",
      "broken": false,
      "derivation": "/nix/store/rapvgzsiw92qhd62d0r107a72a64k9c3-gh-2.102.0.drv",
      "description": "GitHub CLI tool",
      "install_id": "gh",
      "license": "MIT",
      "locked_url": "https://github.com/flox/nixpkgs?rev=c59305bab2065cfecc4944690d9eedbb56f3a9fa",
      "name": "gh-2.102.0",
      "pname": "gh",
      "rev": "c59305bab2065cfecc4944690d9eedbb56f3a9fa",
      "rev_count": 1083223,
      "rev_date": "2026-10-01T02:47:39Z",
      "scrape_date": "2026-10-02T04:59:40.860061Z",
      "stabilities": [
        "staging",
        "unstable"
      ],
      "unfree": false,
      "version": "2.102.0",
      "outputs_to_install": [
        "out"
      ],
      "outputs": {
        "out": "/nix/store/mycijv4550jg5bp8334lf3vsd14fv0z2-gh-2.102.0"
      },
      "system": "aarch64-darwin",
      "group": "toplevel",
      "priority": 5
    },
    {
      "attr_path": "gh",
      "broken": false,
      "derivation": "/nix/store/dfvsvkyh5dzgzv2rs37m9qq0xwb2rh72-gh-2.102.0.drv",
      "description": "GitHub CLI tool",
      "install_id": "gh",
      "license": "MIT",
      "locked_url": "https://github.com/flox/nixpkgs?rev=c59305bab2065cfecc4944690d9eedbb56f3a9fa",
      "name": "gh-2.102.0",
      "pname": "gh",
      "rev": "c59305bab2065cfecc4944690d9eedbb56f3a9fa",
      "rev_count": 1083223,
      "rev_date": "2026-10-01T02:47:39Z",
      "scrape_date": "2026-10-02T05:33:10.029375Z",
      "stabilities": [
        "staging",
        "unstable"
      ],
      "unfree": false,
      "version": "2.102.0",
      "outputs_to_install": [
        "out"
      ],
      "outputs": {
        "out": "/nix/store/rlrivjqdqrsn18i05xs502g29d0r190k-gh-2.102.0"
      },
      "system": "aarch64-linux",
      "group": "toplevel",
      "priority": 5
    },
    {
      "attr_path": "gh",
      "broken": false,
      "derivation": "/nix/store/acsd9xfii2rfyafv0w0aqggdybn9xwpx-gh-2.102.0.drv",
      "description": "GitHub CLI tool",
      "install_id": "gh",
      "license": "MIT",
      "locked_url": "https://github.com/flox/nixpkgs?rev=c59305bab2065cfecc4944690d9eedbb56f3a9fa",
      "name": "gh-2.102.0",
      "pname": "gh",
      "rev": "c59305bab2065cfecc4944690d9eedbb56f3a9fa",
      "rev_count": 1083223,
      "rev_date": "2026-10-01T02:47:39Z",
      "scrape_date": "2026-10-02T06:09:43.546185Z",
      "stabilities": [
        "staging",
        "unstable"
      ],
      "unfree": false,
      "version": "2.102.0",
      "outputs_to_install": [
        "out"
      ],
      "outputs": {
        "out": "/nix/store/xpy730cafcz4yxfkld96c9khcpq08kc2-gh-2.102.0"
      },
      "system": "x86_64-linux",
      "group": "toplevel",
      "priority": 5
    },
    {
      "attr_path": "git",
      "broken": false,
      "derivation": "/nix/store/fnhfn4nj9165wsjzd0yb3m552yb2572s-git-2.55.0.drv",
      "description": "Distributed version control system",
      "install_id": "git",
      "license": "GPL-2.0",
      "locked_url": "https://github.com/flox/nixpkgs?rev=c59305bab2065cfecc4944690d9eedbb56f3a9fa",
      "name": "git-2.55.0",
      "pname": "git",
      "rev": "c59305bab2065cfecc4944690d9eedbb56f3a9fa",
      "rev_count": 1083223,
      "rev_date": "2026-10-01T02:47:39Z",
      "scrape_date": "2026-10-02T04:59:40.926627Z",
      "stabilities": [
        "staging",
        "unstable"
      ],
      "unfree": false,
      "version": "2.55.0",
      "outputs_to_install": [
        "out"
      ],
      "outputs": {
        "doc": "/nix/store/0f4p7kbl8hsdvynpk8n951bcbdx7qn3j-git-2.55.0-doc",
        "out": "/nix/store/gw7c7m0dwca5lg4152x9lpmxpj171bzw-git-2.55.0"
      },
      "system": "aarch64-darwin",
      "group": "toplevel",
      "priority": 5
    },
    {
      "attr_path": "git",
      "broken": false,
      "derivation": "/nix/store/zy88qbq9f1ccrgv7sz6493zav3d6gnxg-git-2.55.0.drv",
      "description": "Distributed version control system",
      "install_id": "git",
      "license": "GPL-2.0",
      "locked_url": "https://github.com/flox/nixpkgs?rev=c59305bab2065cfecc4944690d9eedbb56f3a9fa",
      "name": "git-2.55.0",
      "pname": "git",
      "rev": "c59305bab2065cfecc4944690d9eedbb56f3a9fa",
      "rev_count": 1083223,
      "rev_date": "2026-10-01T02:47:39Z",
      "scrape_date": "2026-10-02T05:33:10.086795Z",
      "stabilities": [
        "staging",
        "unstable"
      ],
      "unfree": false,
      "version": "2.55.0",
      "outputs_to_install": [
        "out"
      ],
      "outputs": {
        "debug": "/nix/store/8l21kawpzlskyby6dhkjmdyamp34irpv-git-2.55.0-debug",
        "doc": "/nix/store/gzjmfgd110655anwlnj6qlj5ws8vacn2-git-2.55.0-doc",
        "out": "/nix/store/kj6aff4gmz3snpp35rl3gysbl9srd81a-git-2.55.0"
      },
      "system": "aarch64-linux",
      "group": "toplevel",
      "priority": 5
    },
    {
      "attr_path": "git",
      "broken": false,
      "derivation": "/nix/store/ycy1yl001pr5nmw9qwjqinaqglhzwiv9-git-2.55.0.drv",
      "description": "Distributed version control system",
      "install_id": "git",
      "license": "GPL-2.0",
      "locked_url": "https://github.com/flox/nixpkgs?rev=c59305bab2065cfecc4944690d9eedbb56f3a9fa",
      "name": "git-2.55.0",
      "pname": "git",
      "rev": "c59305bab2065cfecc4944690d9eedbb56f3a9fa",
      "rev_count": 1083223,
      "rev_date": "2026-10-01T02:47:39Z",
      "scrape_date": "2026-10-02T06:09:43.612776Z",
      "stabilities": [
        "staging",
        "unstable"
      ],
      "unfree": false,
      "version": "2.55.0",
      "outputs_to_install": [
        "out"
      ],
      "outputs": {
        "debug": "/nix/store/jfnrrjgvhv0la9dpzb1yxg8bx2gf9aii-git-2.55.0-debug",
        "doc": "/nix/store/5f39kd6g3irac28rgk89yqwaamaj01rx-git-2.55.0-doc",
        "out": "/nix/store/lg46w7hrjx7kylsh6645c9l975i8h43b-git-2.55.0"
      },
      "system": "x86_64-linux",
      "group": "toplevel",
      "priority": 5
    },
    {
      "attr_path": "go-task",
      "broken": false,
      "derivation": "/nix/store/djwj6r7zbxswxi8cwdbcp0925flpafh6-go-task-3.53.1.drv",
      "description": "Task runner / simpler Make alternative written in Go",
      "install_id": "go-task",
      "license": "MIT",
      "locked_url": "https://github.com/flox/nixpkgs?rev=c59305bab2065cfecc4944690d9eedbb56f3a9fa",
      "name": "go-task-3.53.1",
      "pname": "go-task",
      "rev": "c59305bab2065cfecc4944690d9eedbb56f3a9fa",
      "rev_count": 1083223,
      "rev_date": "2026-10-01T02:47:39Z",
      "scrape_date": "2026-10-02T04:59:41.192878Z",
      "stabilities": [
        "staging",
        "unstable"
      ],
      "unfree": false,
      "version": "3.53.1",
      "outputs_to_install": [
        "out"
      ],
      "outputs": {
        "out": "/nix/store/mp3m86aziykrwshmqfr7i6w4ak4c8qz4-go-task-3.53.1"
      },
      "system": "aarch64-darwin",
      "group": "toplevel",
      "priority": 5
    },
    {
      "attr_path": "go-task",
      "broken": false,
      "derivation": "/nix/store/wgkk7db5ak5ay4g3qpqxm6b3wp3j5qwi-go-task-3.53.1.drv",
      "description": "Task runner / simpler Make alternative written in Go",
      "install_id": "go-task",
      "license": "MIT",
      "locked_url": "https://github.com/flox/nixpkgs?rev=c59305bab2065cfecc4944690d9eedbb56f3a9fa",
      "name": "go-task-3.53.1",
      "pname": "go-task",
      "rev": "c59305bab2065cfecc4944690d9eedbb56f3a9fa",
      "rev_count": 1083223,
      "rev_date": "2026-10-01T02:47:39Z",
      "scrape_date": "2026-10-02T05:33:11.038784Z",
      "stabilities": [
        "staging",
        "unstable"
      ],
      "unfree": false,
      "version": "3.53.1",
      "outputs_to_install": [
        "out"
      ],
      "outputs": {
        "out": "/nix/store/mwy1kwfwgq3diqxqkrkj8qbhrsr8xa4x-go-task-3.53.1"
      },
      "system": "aarch64-linux",
      "group": "toplevel",
      "priority": 5
    },
    {
      "attr_path": "go-task",
      "broken": false,
      "derivation": "/nix/store/wzh5hcwbsb8h1y1gg0islvdivr73v0gc-go-task-3.53.1.drv",
      "description": "Task runner / simpler Make alternative written in Go",
      "install_id": "go-task",
      "license": "MIT",
      "locked_url": "https://github.com/flox/nixpkgs?rev=c59305bab2065cfecc4944690d9eedbb56f3a9fa",
      "name": "go-task-3.53.1",
      "pname": "go-task",
      "rev": "c59305bab2065cfecc4944690d9eedbb56f3a9fa",
      "rev_count": 1083223,
      "rev_date": "2026-10-01T02:47:39Z",
      "scrape_date": "2026-10-02T06:09:44.631246Z",
      "stabilities": [
        "staging",
        "unstable"
      ],
      "unfree": false,
      "version": "3.53.1",
      "outputs_to_install": [
        "out"
      ],
      "outputs": {
        "out": "/nix/store/3gax8wb82c05afr6bsi56ighadlzaqkc-go-task-3.53.1"
      },
      "system": "x86_64-linux",
      "group": "toplevel",
      "priority": 5
    },
    {
      "attr_path": "golangci-lint",
      "broken": false,
      "derivation": "/nix/store/6j1crf8wn410v73nz8xakhb79rdgmmp7-golangci-lint-2.14.0.drv",
      "description": "Fast linters Runner for Go",
      "install_id": "golangci-lint",
      "license": "GPL-3.0-or-later",
      "locked_url": "https://github.com/flox/nixpkgs?rev=c59305bab2065cfecc4944690d9eedbb56f3a9fa",
      "name": "golangci-lint-2.14.0",
      "pname": "golangci-lint",
      "rev": "c59305bab2065cfecc4944690d9eedbb56f3a9fa",
      "rev_count": 1083223,
      "rev_date": "2026-10-01T02:47:39Z",
      "scrape_date": "2026-10-02T04:59:41.241736Z",
      "stabilities": [
        "staging",
        "unstable"
      ],
      "unfree": false,
      "version": "2.14.0",
      "outputs_to_install": [
        "out"
      ],
      "outputs": {
        "out": "/nix/store/wvbygf0dw7z7p32wjm85llavg3zbc256-golangci-lint-2.14.0"
      },
      "system": "aarch64-darwin",
      "group": "toplevel",
      "priority": 5
    },
    {
      "attr_path": "golangci-lint",
      "broken": false,
      "derivation": "/nix/store/hi3bxgm28y3x3s7k8ngciw4h62wp0ljc-golangci-lint-2.14.0.drv",
      "description": "Fast linters Runner for Go",
      "install_id": "golangci-lint",
      "license": "GPL-3.0-or-later",
      "locked_url": "https://github.com/flox/nixpkgs?rev=c59305bab2065cfecc4944690d9eedbb56f3a9fa",
      "name": "golangci-lint-2.14.0",
      "pname": "golangci-lint",
      "rev": "c59305bab2065cfecc4944690d9eedbb56f3a9fa",
      "rev_count": 1083223,
      "rev_date": "2026-10-01T02:47:39Z",
      "scrape_date": "2026-10-02T05:33:11.116718Z",
      "stabilities": [
        "staging",
        "unstable"
      ],
      "unfree": false,
      "version": "2.14.0",
      "outputs_to_install": [
        "out"
      ],
      "outputs": {
        "out": "/nix/store/wka485zfv0206ypy6hsk2zs86ndlryfm-golangci-lint-2.14.0"
      },
      "system": "aarch64-linux",
      "group": "toplevel",
      "priority": 5
    },
    {
      "attr_path": "golangci-lint",
      "broken": false,
      "derivation": "/nix/store/0hbi1m84jf06axjbs63gay84yqnddsd3-golangci-lint-2.14.0.drv",
      "description": "Fast linters Runner for Go",
      "install_id": "golangci-lint",
      "license": "GPL-3.0-or-later",
      "locked_url": "https://github.com/flox/nixpkgs?rev=c59305bab2065cfecc4944690d9eedbb56f3a9fa",
      "name": "golangci-lint-2.14.0",
      "pname": "golangci-lint",
      "rev": "c59305bab2065cfecc4944690d9eedbb56f3a9fa",
      "rev_count": 1083223,
      "rev_date": "2026-10-01T02:47:39Z",
      "scrape_date": "2026-10-02T06:09:44.708375Z",
      "stabilities": [
        "staging",
        "unstable"
      ],
      "unfree": false,
      "version": "2.14.0",
      "outputs_to_install": [
        "out"
      ],
      "outputs": {
        "out": "/nix/store/wnjaiawf798z57if1yf59i73abakkxwk-golangci-lint-2.14.0"
      },
      "system": "x86_64-linux",
      "group": "toplevel",
      "priority": 5
    },
    {
      "attr_path": "gopls",
      "broken": false,
      "derivation": "/nix/store/bcgigmk44yjp0a420qyy6i5r5834gmp0-gopls-0.23.0.drv",
      "description": "Official language server for the Go language",
      "install_id": "gopls",
      "license": "BSD-3-Clause",
      "locked_url": "https://github.com/flox/nixpkgs?rev=c59305bab2065cfecc4944690d9eedbb56f3a9fa",
      "name": "gopls-0.23.0",
      "pname": "gopls",
      "rev": "c59305bab2065cfecc4944690d9eedbb56f3a9fa",
      "rev_count": 1083223,
      "rev_date": "2026-10-01T02:47:39Z",
      "scrape_date": "2026-10-02T04:59:41.265370Z",
      "stabilities": [
        "staging",
        "unstable"
      ],
      "unfree": false,
      "version": "0.23.0",
      "outputs_to_install": [
        "out"
      ],
      "outputs": {
        "out": "/nix/store/xw6qjz1s06wc64g988bgnim3wc6xwmiz-gopls-0.23.0"
      },
      "system": "aarch64-darwin",
      "group": "toplevel",
      "priority": 5
    },
    {
      "attr_path": "gopls",
      "broken": false,
      "derivation": "/nix/store/s5fvmq9s8lj7yn04by73m3dr249975gp-gopls-0.23.0.drv",
      "description": "Official language server for the Go language",
      "install_id": "gopls",
      "license": "BSD-3-Clause",
      "locked_url": "https://github.com/flox/nixpkgs?rev=c59305bab2065cfecc4944690d9eedbb56f3a9fa",
      "name": "gopls-0.23.0",
      "pname": "gopls",
      "rev": "c59305bab2065cfecc4944690d9eedbb56f3a9fa",
      "rev_count": 1083223,
      "rev_date": "2026-10-01T02:47:39Z",
      "scrape_date": "2026-10-02T05:33:11.157349Z",
      "stabilities": [
        "staging",
        "unstable"
      ],
      "unfree": false,
      "version": "0.23.0",
      "outputs_to_install": [
        "out"
      ],
      "outputs": {
        "out": "/nix/store/2l6b370czqhyxjfb2lzs4ga5wflm00pc-gopls-0.23.0"
      },
      "system": "aarch64-linux",
      "group": "toplevel",
      "priority": 5
    },
    {
      "attr_path": "gopls",
      "broken": false,
      "derivation": "/nix/store/iii6ayi6mmv8adnpbz2zqqjgaiimph1q-gopls-0.23.0.drv",
      "description": "Official language server for the Go language",
      "install_id": "gopls",
      "license": "BSD-3-Clause",
      "locked_url": "https://github.com/flox/nixpkgs?rev=c59305bab2065cfecc4944690d9eedbb56f3a9fa",
      "name": "gopls-0.23.0",
      "pname": "gopls",
      "rev": "c59305bab2065cfecc4944690d9eedbb56f3a9fa",
      "rev_count": 1083223,
      "rev_date": "2026-10-01T02:47:39Z",
      "scrape_date": "2026-10-02T06:09:44.751110Z",
      "stabilities": [
        "staging",
        "unstable"
      ],
      "unfree": false,
      "version": "0.23.0",
      "outputs_to_install": [
        "out"
      ],
      "outputs": {
        "out": "/nix/store/4giw4fjj84b0gzwzcx82pwrkx3ikjwws-gopls-0.23.0"
      },
      "system": "x86_64-linux",
      "group": "toplevel",
      "priority": 5
    },
    {
      "attr_path": "k3d",
      "broken": false,
      "derivation": "/nix/store/cshflsp2m0aj1vgcv61491ka6naj30lz-k3d-5.9.0.drv",
      "description": "Helper to run k3s (Lightweight Kubernetes. 5 less than k8s) in a docker container",
      "install_id": "k3d",
      "license": "MIT",
      "locked_url": "https://github.com/flox/nixpkgs?rev=c59305bab2065cfecc4944690d9eedbb56f3a9fa",
      "name": "k3d-5.9.0",
      "pname": "k3d",
      "rev": "c59305bab2065cfecc4944690d9eedbb56f3a9fa",
      "rev_count": 1083223,
      "rev_date": "2026-10-01T02:47:39Z",
      "scrape_date": "2026-10-02T05:00:02.207547Z",
      "stabilities": [
        "staging",
        "unstable"
      ],
      "unfree": false,
      "version": "5.9.0",
      "outputs_to_install": [
        "out"
      ],
      "outputs": {
        "out": "/nix/store/b2k1hr2h0kdk8gzrgwjam1p3jvdm6whf-k3d-5.9.0"
      },
      "system": "aarch64-darwin",
      "group": "toplevel",
      "priority": 5
    },
    {
      "attr_path": "k3d",
      "broken": false,
      "derivation": "/nix/store/yb2wrzjaz01m1w6bkq53jvip3xjrz0m2-k3d-5.9.0.drv",
      "description": "Helper to run k3s (Lightweight Kubernetes. 5 less than k8s) in a docker container",
      "install_id": "k3d",
      "license": "MIT",
      "locked_url": "https://github.com/flox/nixpkgs?rev=c59305bab2065cfecc4944690d9eedbb56f3a9fa",
      "name": "k3d-5.9.0",
      "pname": "k3d",
      "rev": "c59305bab2065cfecc4944690d9eedbb56f3a9fa",
      "rev_count": 1083223,
      "rev_date": "2026-10-01T02:47:39Z",
      "scrape_date": "2026-10-02T05:33:31.593934Z",
      "stabilities": [
        "staging",
        "unstable"
      ],
      "unfree": false,
      "version": "5.9.0",
      "outputs_to_install": [
        "out"
      ],
      "outputs": {
        "out": "/nix/store/sxs7z66i73rrh0c33i3zm7alxwdrjcbz-k3d-5.9.0"
      },
      "system": "aarch64-linux",
      "group": "toplevel",
      "priority": 5
    },
    {
      "attr_path": "k3d",
      "broken": false,
      "derivation": "/nix/store/g8pa2kx3a05sabs91xg4kl2sg7bz09zb-k3d-5.9.0.drv",
      "description": "Helper to run k3s (Lightweight Kubernetes. 5 less than k8s) in a docker container",
      "install_id": "k3d",
      "license": "MIT",
      "locked_url": "https://github.com/flox/nixpkgs?rev=c59305bab2065cfecc4944690d9eedbb56f3a9fa",
      "name": "k3d-5.9.0",
      "pname": "k3d",
      "rev": "c59305bab2065cfecc4944690d9eedbb56f3a9fa",
      "rev_count": 1083223,
      "rev_date": "2026-10-01T02:47:39Z",
      "scrape_date": "2026-10-02T06:10:06.068625Z",
      "stabilities": [
        "staging",
        "unstable"
      ],
      "unfree": false,
      "version": "5.9.0",
      "outputs_to_install": [
        "out"
      ],
      "outputs": {
        "out": "/nix/store/rfjmb6j3pp284mxgriz93qzr45v2ga3m-k3d-5.9.0"
      },
      "system": "x86_64-linux",
      "group": "toplevel",
      "priority": 5
    },
    {
      "attr_path": "markdownlint-cli",
      "broken": false,
      "derivation": "/nix/store/8y3ba9adab22ym0hqbmww0fa2n7bvq77-markdownlint-cli-0.49.1.drv",
      "description": "Command line interface for MarkdownLint",
      "install_id": "markdownlint-cli",
      "license": "MIT",
      "locked_url": "https://github.com/flox/nixpkgs?rev=c59305bab2065cfecc4944690d9eedbb56f3a9fa",
      "name": "markdownlint-cli-0.49.1",
      "pname": "markdownlint-cli",
      "rev": "c59305bab2065cfecc4944690d9eedbb56f3a9fa",
      "rev_count": 1083223,
      "rev_date": "2026-10-01T02:47:39Z",
      "scrape_date": "2026-10-02T05:00:10.524811Z",
      "stabilities": [
        "staging",
        "unstable"
      ],
      "unfree": false,
      "version": "0.49.1",
      "outputs_to_install": [
        "out"
      ],
      "outputs": {
        "out": "/nix/store/dp1sg4cn1yzyg780vx4snm2bzksyv14x-markdownlint-cli-0.49.1"
      },
      "system": "aarch64-darwin",
      "group": "toplevel",
      "priority": 5
    },
    {
      "attr_path": "markdownlint-cli",
      "broken": false,
      "derivation": "/nix/store/9q84b5ym4l2la0kwl06ndyfda3pacsi1-markdownlint-cli-0.49.1.drv",
      "description": "Command line interface for MarkdownLint",
      "install_id": "markdownlint-cli",
      "license": "MIT",
      "locked_url": "https://github.com/flox/nixpkgs?rev=c59305bab2065cfecc4944690d9eedbb56f3a9fa",
      "name": "markdownlint-cli-0.49.1",
      "pname": "markdownlint-cli",
      "rev": "c59305bab2065cfecc4944690d9eedbb56f3a9fa",
      "rev_count": 1083223,
      "rev_date": "2026-10-01T02:47:39Z",
      "scrape_date": "2026-10-02T05:33:43.499651Z",
      "stabilities": [
        "staging",
        "unstable"
      ],
      "unfree": false,
      "version": "0.49.1",
      "outputs_to_install": [
        "out"
      ],
      "outputs": {
        "out": "/nix/store/59is7mxfs527v1q16ann5qm4nih153x3-markdownlint-cli-0.49.1"
      },
      "system": "aarch64-linux",
      "group": "toplevel",
      "priority": 5
    },
    {
      "attr_path": "markdownlint-cli",
      "broken": false,
      "derivation": "/nix/store/95rfc0lvycql2m37l7cxja6ly2vl9mbq-markdownlint-cli-0.49.1.drv",
      "description": "Command line interface for MarkdownLint",
      "install_id": "markdownlint-cli",
      "license": "MIT",
      "locked_url": "https://github.com/flox/nixpkgs?rev=c59305bab2065cfecc4944690d9eedbb56f3a9fa",
      "name": "markdownlint-cli-0.49.1",
      "pname": "markdownlint-cli",
      "rev": "c59305bab2065cfecc4944690d9eedbb56f3a9fa",
      "rev_count": 1083223,
      "rev_date": "2026-10-01T02:47:39Z",
      "scrape_date": "2026-10-02T06:10:19.784216Z",
      "stabilities": [
        "staging",
        "unstable"
      ],
      "unfree": false,
      "version": "0.49.1",
      "outputs_to_install": [
        "out"
      ],
      "outputs": {
        "out": "/nix/store/3fdkqqhfvrjhd16a91q09l5i57hjl93v-markdownlint-cli-0.49.1"
      },
      "system": "x86_64-linux",
      "group": "toplevel",
      "priority": 5
    },
    {
      "attr_path": "nodejs_24",
      "broken": false,
      "derivation": "/nix/store/kfalw8dhzga1b294cr5zz1diwgkigrra-nodejs-24.21.0.drv",
      "description": "Event-driven I/O framework for the V8 JavaScript engine",
      "install_id": "nodejs",
      "license": "MIT",
      "locked_url": "https://github.com/flox/nixpkgs?rev=c59305bab2065cfecc4944690d9eedbb56f3a9fa",
      "name": "nodejs-24.21.0",
      "pname": "nodejs_24",
      "rev": "c59305bab2065cfecc4944690d9eedbb56f3a9fa",
      "rev_count": 1083223,
      "rev_date": "2026-10-01T02:47:39Z",
      "scrape_date": "2026-10-02T05:00:14.096602Z",
      "stabilities": [
        "staging",
        "unstable"
      ],
      "unfree": false,
      "version": "24.21.0",
      "outputs_to_install": [
        "out"
      ],
      "outputs": {
        "out": "/nix/store/7cr3l1m9yyng2hscs8lj4x4bj0hm7908-nodejs-24.21.0"
      },
      "system": "aarch64-darwin",
      "group": "toplevel",
      "priority": 5
    },
    {
      "attr_path": "nodejs_24",
      "broken": false,
      "derivation": "/nix/store/ij09sr7m9ngn7iafal95327svx411rjf-nodejs-24.21.0.drv",
      "description": "Event-driven I/O framework for the V8 JavaScript engine",
      "install_id": "nodejs",
      "license": "MIT",
      "locked_url": "https://github.com/flox/nixpkgs?rev=c59305bab2065cfecc4944690d9eedbb56f3a9fa",
      "name": "nodejs-24.21.0",
      "pname": "nodejs_24",
      "rev": "c59305bab2065cfecc4944690d9eedbb56f3a9fa",
      "rev_count": 1083223,
      "rev_date": "2026-10-01T02:47:39Z",
      "scrape_date": "2026-10-02T05:33:47.579638Z",
      "stabilities": [
        "staging",
        "unstable"
      ],
      "unfree": false,
      "version": "24.21.0",
      "outputs_to_install": [
        "out"
      ],
      "outputs": {
        "out": "/nix/store/8lgcgi9riqm71v9ibjw5qjcwwr5nfm83-nodejs-24.21.0"
      },
      "system": "aarch64-linux",
      "group": "toplevel",
      "priority": 5
    },
    {
      "attr_path": "nodejs_24",
      "broken": false,
      "derivation": "/nix/store/m4gixiwcnhplm2mcd5nnd6i0lxncnyji-nodejs-24.21.0.drv",
      "description": "Event-driven I/O framework for the V8 JavaScript engine",
      "install_id": "nodejs",
      "license": "MIT",
      "locked_url": "https://github.com/flox/nixpkgs?rev=c59305bab2065cfecc4944690d9eedbb56f3a9fa",
      "name": "nodejs-24.21.0",
      "pname": "nodejs_24",
      "rev": "c59305bab2065cfecc4944690d9eedbb56f3a9fa",
      "rev_count": 1083223,
      "rev_date": "2026-10-01T02:47:39Z",
      "scrape_date": "2026-10-02T06:10:24.469479Z",
      "stabilities": [
        "staging",
        "unstable"
      ],
      "unfree": false,
      "version": "24.21.0",
      "outputs_to_install": [
        "out"
      ],
      "outputs": {
        "out": "/nix/store/gxq2cd70i077rah1d4hkzc1lpq8q4pv8-nodejs-24.21.0"
      },
      "system": "x86_64-linux",
      "group": "toplevel",
      "priority": 5
    },
    {
      "attr_path": "ripgrep",
      "broken": false,
      "derivation": "/nix/store/4g9rpy42ggrdjwvaqh5yj0l9irh6s37a-ripgrep-15.2.0.drv",
      "description": "Utility that combines the usability of The Silver Searcher with the raw speed of grep",
      "install_id": "ripgrep",
      "license": "[ Unlicense, MIT ]",
      "locked_url": "https://github.com/flox/nixpkgs?rev=c59305bab2065cfecc4944690d9eedbb56f3a9fa",
      "name": "ripgrep-15.2.0",
      "pname": "ripgrep",
      "rev": "c59305bab2065cfecc4944690d9eedbb56f3a9fa",
      "rev_count": 1083223,
      "rev_date": "2026-10-01T02:47:39Z",
      "scrape_date": "2026-10-02T05:01:44.183961Z",
      "stabilities": [
        "staging",
        "unstable"
      ],
      "unfree": false,
      "version": "15.2.0",
      "outputs_to_install": [
        "out"
      ],
      "outputs": {
        "out": "/nix/store/lw5h7x6kxqdx6m8wnsqjjzj6fd1i9x2j-ripgrep-15.2.0"
      },
      "system": "aarch64-darwin",
      "group": "toplevel",
      "priority": 5
    },
    {
      "attr_path": "ripgrep",
      "broken": false,
      "derivation": "/nix/store/9znzj51jnamrblnawph5kypfc8cd10d8-ripgrep-15.2.0.drv",
      "description": "Utility that combines the usability of The Silver Searcher with the raw speed of grep",
      "install_id": "ripgrep",
      "license": "[ Unlicense, MIT ]",
      "locked_url": "https://github.com/flox/nixpkgs?rev=c59305bab2065cfecc4944690d9eedbb56f3a9fa",
      "name": "ripgrep-15.2.0",
      "pname": "ripgrep",
      "rev": "c59305bab2065cfecc4944690d9eedbb56f3a9fa",
      "rev_count": 1083223,
      "rev_date": "2026-10-01T02:47:39Z",
      "scrape_date": "2026-10-02T05:35:17.217370Z",
      "stabilities": [
        "staging",
        "unstable"
      ],
      "unfree": false,
      "version": "15.2.0",
      "outputs_to_install": [
        "out"
      ],
      "outputs": {
        "out": "/nix/store/knhpzwcavw3d68lcq14f71d4ag8ykgz1-ripgrep-15.2.0"
      },
      "system": "aarch64-linux",
      "group": "toplevel",
      "priority": 5
    },
    {
      "attr_path": "ripgrep",
      "broken": false,
      "derivation": "/nix/store/6idc6nky9h345b4m2v2p3ppq8yhzpiwh-ripgrep-15.2.0.drv",
      "description": "Utility that combines the usability of The Silver Searcher with the raw speed of grep",
      "install_id": "ripgrep",
      "license": "[ Unlicense, MIT ]",
      "locked_url": "https://github.com/flox/nixpkgs?rev=c59305bab2065cfecc4944690d9eedbb56f3a9fa",
      "name": "ripgrep-15.2.0",
      "pname": "ripgrep",
      "rev": "c59305bab2065cfecc4944690d9eedbb56f3a9fa",
      "rev_count": 1083223,
      "rev_date": "2026-10-01T02:47:39Z",
      "scrape_date": "2026-10-02T06:11:55.535181Z",
      "stabilities": [
        "staging",
        "unstable"
      ],
      "unfree": false,
      "version": "15.2.0",
      "outputs_to_install": [
        "out"
      ],
      "outputs": {
        "out": "/nix/store/vli6118fdbngwy46j1w741ansmrzfszr-ripgrep-15.2.0"
      },
      "system": "x86_64-linux",
      "group": "toplevel",
      "priority": 5
    },
    {
      "install_id": "infer",
      "locked-url": "github:inference-gateway/cli/94fbd0a149c8b8a8ee3c0e5a0f29398809e6dbf8?narHash=sha256-CaxMesV6KWYTXQg8zNWs2dYQ1OxwyqIZxShksp4ad7M%3D",
      "flake-description": "Inference Gateway CLI - infer",
      "locked-flake-attr-path": "packages.aarch64-darwin.default",
      "derivation": "/nix/store/mjl8xwlzb1kbd4y5vwkslynkki2arawd-infer-0.225.0.drv",
      "outputs": {
        "out": "/nix/store/2y1wxf0r863jb7xhj2sqhk3ijvay2m5k-infer-0.225.0"
      },
      "output-names": [
        "out"
      ],
      "outputs-to-install": [
        "out"
      ],
      "requested-outputs-to-install": [],
      "package-system": "aarch64-darwin",
      "system": "aarch64-darwin",
      "name": "infer-0.225.0",
      "pname": "infer",
      "version": "0.225.0",
      "description": "Command-line interface for the Inference Gateway - AI model interaction manager",
      "licenses": [
        "MIT"
      ],
      "broken": false,
      "unfree": false,
      "priority": 5
    },
    {
      "install_id": "infer",
      "locked-url": "github:inference-gateway/cli/94fbd0a149c8b8a8ee3c0e5a0f29398809e6dbf8?narHash=sha256-CaxMesV6KWYTXQg8zNWs2dYQ1OxwyqIZxShksp4ad7M%3D",
      "flake-description": "Inference Gateway CLI - infer",
      "locked-flake-attr-path": "packages.aarch64-linux.default",
      "derivation": "/nix/store/ddhjpwiraazpn2rl83r2ibf3mlnh5c5n-infer-0.225.0.drv",
      "outputs": {
        "out": "/nix/store/xcdfgg22da55vl99xqn63w5piqknn6mm-infer-0.225.0"
      },
      "output-names": [
        "out"
      ],
      "outputs-to-install": [
        "out"
      ],
      "requested-outputs-to-install": [],
      "package-system": "aarch64-linux",
      "system": "aarch64-linux",
      "name": "infer-0.225.0",
      "pname": "infer",
      "version": "0.225.0",
      "description": "Command-line interface for the Inference Gateway - AI model interaction manager",
      "licenses": [
        "MIT"
      ],
      "broken": false,
      "unfree": false,
      "priority": 5
    },
    {
      "install_id": "infer",
      "locked-url": "github:inference-gateway/cli/94fbd0a149c8b8a8ee3c0e5a0f29398809e6dbf8?narHash=sha256-CaxMesV6KWYTXQg8zNWs2dYQ1OxwyqIZxShksp4ad7M%3D",
      "flake-description": "Inference Gateway CLI - infer",
      "locked-flake-attr-path": "packages.x86_64-linux.default",
      "derivation": "/nix/store/7anf9w601rlm1p4s4vjywpy1f0vbf33m-infer-0.225.0.drv",
      "outputs": {
        "out": "/nix/store/861a7wa592zgjlgkfdfny3l6fqb2r0sz-infer-0.225.0"
      },
      "output-names": [
        "out"
      ],
      "outputs-to-install": [
        "out"
      ],
      "requested-outputs-to-install": [],
      "package-system": "x86_64-linux",
      "system": "x86_64-linux",
      "name": "infer-0.225.0",
      "pname": "infer",
      "version": "0.225.0",
      "description": "Command-line interface for the Inference Gateway - AI model interaction manager",
      "licenses": [
        "MIT"
      ],
      "broken": false,
      "unfree": false,
      "priority": 5
    }
  ]
}
