{
  "lockfile-version": 1,
  "manifest": {
    "schema-version": "1.17.0",
    "install": {
      "claude-code": {
        "pkg-path": "claude-code",
        "pkg-group": "claude-code",
        "version": "^2.1.280"
      },
      "codex": {
        "pkg-path": "codex",
        "pkg-group": "codex",
        "version": "^0.156.1"
      },
      "docker": {
        "pkg-path": "docker",
        "version": "^29.8.0"
      },
      "docker-compose": {
        "pkg-path": "docker-compose",
        "version": "^5.5.1"
      },
      "gh": {
        "pkg-path": "gh",
        "version": "^2.101.0"
      },
      "git": {
        "pkg-path": "git",
        "version": "^2.55.0",
        "outputs": "all"
      },
      "go": {
        "pkg-path": "go",
        "pkg-group": "go",
        "version": "1.26.7"
      },
      "go-task": {
        "pkg-path": "go-task",
        "version": "^3.53.1"
      },
      "golangci-lint": {
        "pkg-path": "golangci-lint",
        "version": "^2.13.2"
      },
      "gopls": {
        "pkg-path": "gopls",
        "version": "^0.23.0"
      },
      "infer": {
        "flake": "github:inference-gateway/cli/v0.207.0"
      },
      "k3d": {
        "pkg-path": "k3d",
        "version": "5.9.0"
      },
      "markdownlint-cli": {
        "pkg-path": "markdownlint-cli",
        "version": "^0.49.1"
      },
      "nodejs": {
        "pkg-path": "nodejs_24",
        "version": "^24.20.0"
      },
      "ripgrep": {
        "pkg-path": "ripgrep",
        "version": "^15.2.0"
      }
    },
    "vars": {
      "GO111MODULE": "on",
      "GOPATH": "$HOME/go",
      "GOPROXY": "https://proxy.golang.org,direct",
      "GOSUMDB": "sum.golang.org",
      "NODE_PATH": "$FLOX_ENV_PROJECT/.flox/npm/lib/node_modules",
      "NPM_CONFIG_PREFIX": "$FLOX_ENV_PROJECT/.flox/npm"
    },
    "hook": {
      "on-activate": "  export PATH=\"$HOME/go/bin:$PATH\"\n"
    },
    "options": {}
  },
  "packages": [
    {
      "attr_path": "claude-code",
      "broken": false,
      "derivation": "/nix/store/z8bkx9m5mrs0ia1qpqy211wn77jq2bwv-claude-code-2.1.280.drv",
      "description": "Agentic coding tool that lives in your terminal, understands your codebase, and helps you code faster",
      "install_id": "claude-code",
      "license": "Unfree",
      "locked_url": "https://github.com/flox/nixpkgs?rev=4975466d324710c576dc11ad614684e6bd8cad8e",
      "name": "claude-code-2.1.280",
      "pname": "claude-code",
      "rev": "4975466d324710c576dc11ad614684e6bd8cad8e",
      "rev_count": 1078696,
      "rev_date": "2026-09-23T17:48:10Z",
      "scrape_date": "2026-09-25T04:58:28.398784Z",
      "stabilities": [
        "unstable"
      ],
      "unfree": true,
      "version": "2.1.280",
      "outputs_to_install": [
        "out"
      ],
      "outputs": {
        "out": "/nix/store/w780qfwkbljhq7qdildn3312nff9xd9i-claude-code-2.1.280"
      },
      "system": "aarch64-darwin",
      "group": "claude-code",
      "priority": 5
    },
    {
      "attr_path": "claude-code",
      "broken": false,
      "derivation": "/nix/store/mjpzydwxzw4fckh4jfgvy19jzbg7ijbh-claude-code-2.1.280.drv",
      "description": "Agentic coding tool that lives in your terminal, understands your codebase, and helps you code faster",
      "install_id": "claude-code",
      "license": "Unfree",
      "locked_url": "https://github.com/flox/nixpkgs?rev=4975466d324710c576dc11ad614684e6bd8cad8e",
      "name": "claude-code-2.1.280",
      "pname": "claude-code",
      "rev": "4975466d324710c576dc11ad614684e6bd8cad8e",
      "rev_count": 1078696,
      "rev_date": "2026-09-23T17:48:10Z",
      "scrape_date": "2026-09-25T05:30:01.342566Z",
      "stabilities": [
        "unstable"
      ],
      "unfree": true,
      "version": "2.1.280",
      "outputs_to_install": [
        "out"
      ],
      "outputs": {
        "out": "/nix/store/f110yz8jimsk0fk0r2az2bf0hzdk71wc-claude-code-2.1.280"
      },
      "system": "aarch64-linux",
      "group": "claude-code",
      "priority": 5
    },
    {
      "attr_path": "claude-code",
      "broken": false,
      "derivation": "/nix/store/7qwycvrd705kjy3pizis2pvirrbqndkf-claude-code-2.1.280.drv",
      "description": "Agentic coding tool that lives in your terminal, understands your codebase, and helps you code faster",
      "install_id": "claude-code",
      "license": "Unfree",
      "locked_url": "https://github.com/flox/nixpkgs?rev=4975466d324710c576dc11ad614684e6bd8cad8e",
      "name": "claude-code-2.1.280",
      "pname": "claude-code",
      "rev": "4975466d324710c576dc11ad614684e6bd8cad8e",
      "rev_count": 1078696,
      "rev_date": "2026-09-23T17:48:10Z",
      "scrape_date": "2026-09-25T06:06:25.014984Z",
      "stabilities": [
        "unstable"
      ],
      "unfree": true,
      "version": "2.1.280",
      "outputs_to_install": [
        "out"
      ],
      "outputs": {
        "out": "/nix/store/ybbqnyp5nlwsjl6ypi2rg2qgsiiw3k61-claude-code-2.1.280"
      },
      "system": "x86_64-linux",
      "group": "claude-code",
      "priority": 5
    },
    {
      "attr_path": "codex",
      "broken": false,
      "derivation": "/nix/store/396k9w876b16772s2d28m4759fgnsxmh-codex-0.156.1.drv",
      "description": "Lightweight coding agent that runs in your terminal",
      "install_id": "codex",
      "license": "Apache-2.0",
      "locked_url": "https://github.com/flox/nixpkgs?rev=4975466d324710c576dc11ad614684e6bd8cad8e",
      "name": "codex-0.156.1",
      "pname": "codex",
      "rev": "4975466d324710c576dc11ad614684e6bd8cad8e",
      "rev_count": 1078696,
      "rev_date": "2026-09-23T17:48:10Z",
      "scrape_date": "2026-09-25T04:58:28.445799Z",
      "stabilities": [
        "unstable"
      ],
      "unfree": false,
      "version": "0.156.1",
      "outputs_to_install": [
        "out"
      ],
      "outputs": {
        "out": "/nix/store/7csw8sp72dlbgf8hlpkx35rrwlb67363-codex-0.156.1"
      },
      "system": "aarch64-darwin",
      "group": "codex",
      "priority": 5
    },
    {
      "attr_path": "codex",
      "broken": false,
      "derivation": "/nix/store/l87dkz4wz2jmk42r5qz5p9pdwhsgcj9q-codex-0.156.1.drv",
      "description": "Lightweight coding agent that runs in your terminal",
      "install_id": "codex",
      "license": "Apache-2.0",
      "locked_url": "https://github.com/flox/nixpkgs?rev=4975466d324710c576dc11ad614684e6bd8cad8e",
      "name": "codex-0.156.1",
      "pname": "codex",
      "rev": "4975466d324710c576dc11ad614684e6bd8cad8e",
      "rev_count": 1078696,
      "rev_date": "2026-09-23T17:48:10Z",
      "scrape_date": "2026-09-25T05:30:01.406456Z",
      "stabilities": [
        "unstable"
      ],
      "unfree": false,
      "version": "0.156.1",
      "outputs_to_install": [
        "out"
      ],
      "outputs": {
        "out": "/nix/store/lzmk4yn90k6pkm89j8p3zmpgms5ywr9s-codex-0.156.1"
      },
      "system": "aarch64-linux",
      "group": "codex",
      "priority": 5
    },
    {
      "attr_path": "codex",
      "broken": false,
      "derivation": "/nix/store/1rxybg4gffmkw4pzzcmy8yhzccwfbn05-codex-0.156.1.drv",
      "description": "Lightweight coding agent that runs in your terminal",
      "install_id": "codex",
      "license": "Apache-2.0",
      "locked_url": "https://github.com/flox/nixpkgs?rev=4975466d324710c576dc11ad614684e6bd8cad8e",
      "name": "codex-0.156.1",
      "pname": "codex",
      "rev": "4975466d324710c576dc11ad614684e6bd8cad8e",
      "rev_count": 1078696,
      "rev_date": "2026-09-23T17:48:10Z",
      "scrape_date": "2026-09-25T06:06:25.078302Z",
      "stabilities": [
        "unstable"
      ],
      "unfree": false,
      "version": "0.156.1",
      "outputs_to_install": [
        "out"
      ],
      "outputs": {
        "out": "/nix/store/938cs7afvdcb8f5rqz8k1a950v4i6js4-codex-0.156.1"
      },
      "system": "x86_64-linux",
      "group": "codex",
      "priority": 5
    },
    {
      "attr_path": "go",
      "broken": false,
      "derivation": "/nix/store/zyqajpfsg5pbx8riq2218xkylyxbmm58-go-1.26.7.drv",
      "description": "Go Programming language",
      "install_id": "go",
      "license": "BSD-3-Clause",
      "locked_url": "https://github.com/flox/nixpkgs?rev=b1b875982b17dabde9b4a37f3e229e74913e6db3",
      "name": "go-1.26.7",
      "pname": "go",
      "rev": "b1b875982b17dabde9b4a37f3e229e74913e6db3",
      "rev_count": 1074753,
      "rev_date": "2026-09-16T08:07:56Z",
      "scrape_date": "2026-09-17T05:03:20.995623Z",
      "stabilities": [
        "unstable"
      ],
      "unfree": false,
      "version": "1.26.7",
      "outputs_to_install": [
        "out"
      ],
      "outputs": {
        "out": "/nix/store/ynhaddwnkhvlr6qn7scbrj1515k52gnw-go-1.26.7"
      },
      "system": "aarch64-darwin",
      "group": "go",
      "priority": 5
    },
    {
      "attr_path": "go",
      "broken": false,
      "derivation": "/nix/store/a9nwjsniqhhgmvwbz45lbg1zr1n8v22g-go-1.26.7.drv",
      "description": "Go Programming language",
      "install_id": "go",
      "license": "BSD-3-Clause",
      "locked_url": "https://github.com/flox/nixpkgs?rev=b1b875982b17dabde9b4a37f3e229e74913e6db3",
      "name": "go-1.26.7",
      "pname": "go",
      "rev": "b1b875982b17dabde9b4a37f3e229e74913e6db3",
      "rev_count": 1074753,
      "rev_date": "2026-09-16T08:07:56Z",
      "scrape_date": "2026-09-17T05:40:25.653433Z",
      "stabilities": [
        "unstable"
      ],
      "unfree": false,
      "version": "1.26.7",
      "outputs_to_install": [
        "out"
      ],
      "outputs": {
        "out": "/nix/store/2bvkkxxp66zj839qmi7lp4f5l915asjd-go-1.26.7"
      },
      "system": "aarch64-linux",
      "group": "go",
      "priority": 5
    },
    {
      "attr_path": "go",
      "broken": false,
      "derivation": "/nix/store/4mpjija8nbzw3zlxpbv189kliwd40z2j-go-1.26.7.drv",
      "description": "Go Programming language",
      "install_id": "go",
      "license": "BSD-3-Clause",
      "locked_url": "https://github.com/flox/nixpkgs?rev=b1b875982b17dabde9b4a37f3e229e74913e6db3",
      "name": "go-1.26.7",
      "pname": "go",
      "rev": "b1b875982b17dabde9b4a37f3e229e74913e6db3",
      "rev_count": 1074753,
      "rev_date": "2026-09-16T08:07:56Z",
      "scrape_date": "2026-09-17T06:22:04.248933Z",
      "stabilities": [
        "unstable"
      ],
      "unfree": false,
      "version": "1.26.7",
      "outputs_to_install": [
        "out"
      ],
      "outputs": {
        "out": "/nix/store/4l04h8656as4i291mpcg38wz9m4k8acp-go-1.26.7"
      },
      "system": "x86_64-linux",
      "group": "go",
      "priority": 5
    },
    {
      "attr_path": "docker",
      "broken": false,
      "derivation": "/nix/store/s1gajw22ky42k3i8r2xds1gfvcns378b-docker-29.8.0.drv",
      "description": "Open source project to pack, ship and run any application as a lightweight container",
      "install_id": "docker",
      "license": "Apache-2.0",
      "locked_url": "https://github.com/flox/nixpkgs?rev=4975466d324710c576dc11ad614684e6bd8cad8e",
      "name": "docker-29.8.0",
      "pname": "docker",
      "rev": "4975466d324710c576dc11ad614684e6bd8cad8e",
      "rev_count": 1078696,
      "rev_date": "2026-09-23T17:48:10Z",
      "scrape_date": "2026-09-25T04:58:28.771037Z",
      "stabilities": [
        "unstable"
      ],
      "unfree": false,
      "version": "29.8.0",
      "outputs_to_install": [
        "out"
      ],
      "outputs": {
        "out": "/nix/store/qqc1lqglm0331y9khnda76a8bmrxm3c5-docker-29.8.0"
      },
      "system": "aarch64-darwin",
      "group": "toplevel",
      "priority": 5
    },
    {
      "attr_path": "docker",
      "broken": false,
      "derivation": "/nix/store/9xbvgjiakaw6b6x6f779zzp51y4cnhl5-docker-29.8.0.drv",
      "description": "Open source project to pack, ship and run any application as a lightweight container",
      "install_id": "docker",
      "license": "Apache-2.0",
      "locked_url": "https://github.com/flox/nixpkgs?rev=4975466d324710c576dc11ad614684e6bd8cad8e",
      "name": "docker-29.8.0",
      "pname": "docker",
      "rev": "4975466d324710c576dc11ad614684e6bd8cad8e",
      "rev_count": 1078696,
      "rev_date": "2026-09-23T17:48:10Z",
      "scrape_date": "2026-09-25T05:30:01.842695Z",
      "stabilities": [
        "unstable"
      ],
      "unfree": false,
      "version": "29.8.0",
      "outputs_to_install": [
        "out"
      ],
      "outputs": {
        "out": "/nix/store/34vx1a8rgbijwg6nngwg4xi3sv8sxixh-docker-29.8.0"
      },
      "system": "aarch64-linux",
      "group": "toplevel",
      "priority": 5
    },
    {
      "attr_path": "docker",
      "broken": false,
      "derivation": "/nix/store/67wd1d7dskkzp9s798i618y7x286ccs8-docker-29.8.0.drv",
      "description": "Open source project to pack, ship and run any application as a lightweight container",
      "install_id": "docker",
      "license": "Apache-2.0",
      "locked_url": "https://github.com/flox/nixpkgs?rev=4975466d324710c576dc11ad614684e6bd8cad8e",
      "name": "docker-29.8.0",
      "pname": "docker",
      "rev": "4975466d324710c576dc11ad614684e6bd8cad8e",
      "rev_count": 1078696,
      "rev_date": "2026-09-23T17:48:10Z",
      "scrape_date": "2026-09-25T06:06:25.516513Z",
      "stabilities": [
        "unstable"
      ],
      "unfree": false,
      "version": "29.8.0",
      "outputs_to_install": [
        "out"
      ],
      "outputs": {
        "out": "/nix/store/6lmm2845dsbb2s2nspr2q9hw2d0zmhn6-docker-29.8.0"
      },
      "system": "x86_64-linux",
      "group": "toplevel",
      "priority": 5
    },
    {
      "attr_path": "docker-compose",
      "broken": false,
      "derivation": "/nix/store/pigjsyjj057a71znzgkl3jl9xm5310d4-docker-compose-5.5.1.drv",
      "description": "Docker CLI plugin to define and run multi-container applications with Docker",
      "install_id": "docker-compose",
      "license": "Apache-2.0",
      "locked_url": "https://github.com/flox/nixpkgs?rev=4975466d324710c576dc11ad614684e6bd8cad8e",
      "name": "docker-compose-5.5.1",
      "pname": "docker-compose",
      "rev": "4975466d324710c576dc11ad614684e6bd8cad8e",
      "rev_count": 1078696,
      "rev_date": "2026-09-23T17:48:10Z",
      "scrape_date": "2026-09-25T04:58:28.771980Z",
      "stabilities": [
        "unstable"
      ],
      "unfree": false,
      "version": "5.5.1",
      "outputs_to_install": [
        "out"
      ],
      "outputs": {
        "out": "/nix/store/4dvrpv63ggva8jn7mgbwkr7y156j502z-docker-compose-5.5.1"
      },
      "system": "aarch64-darwin",
      "group": "toplevel",
      "priority": 5
    },
    {
      "attr_path": "docker-compose",
      "broken": false,
      "derivation": "/nix/store/sm8awv5qkbnpf77jrqp1w4knphbmmask-docker-compose-5.5.1.drv",
      "description": "Docker CLI plugin to define and run multi-container applications with Docker",
      "install_id": "docker-compose",
      "license": "Apache-2.0",
      "locked_url": "https://github.com/flox/nixpkgs?rev=4975466d324710c576dc11ad614684e6bd8cad8e",
      "name": "docker-compose-5.5.1",
      "pname": "docker-compose",
      "rev": "4975466d324710c576dc11ad614684e6bd8cad8e",
      "rev_count": 1078696,
      "rev_date": "2026-09-23T17:48:10Z",
      "scrape_date": "2026-09-25T05:30:01.844174Z",
      "stabilities": [
        "unstable"
      ],
      "unfree": false,
      "version": "5.5.1",
      "outputs_to_install": [
        "out"
      ],
      "outputs": {
        "out": "/nix/store/q0h4vkxv0kl7cq6gi4lvyi9gj5c68s58-docker-compose-5.5.1"
      },
      "system": "aarch64-linux",
      "group": "toplevel",
      "priority": 5
    },
    {
      "attr_path": "docker-compose",
      "broken": false,
      "derivation": "/nix/store/h98zziii7dlfpyyrm52nmqn47bwbixdg-docker-compose-5.5.1.drv",
      "description": "Docker CLI plugin to define and run multi-container applications with Docker",
      "install_id": "docker-compose",
      "license": "Apache-2.0",
      "locked_url": "https://github.com/flox/nixpkgs?rev=4975466d324710c576dc11ad614684e6bd8cad8e",
      "name": "docker-compose-5.5.1",
      "pname": "docker-compose",
      "rev": "4975466d324710c576dc11ad614684e6bd8cad8e",
      "rev_count": 1078696,
      "rev_date": "2026-09-23T17:48:10Z",
      "scrape_date": "2026-09-25T06:06:25.517652Z",
      "stabilities": [
        "unstable"
      ],
      "unfree": false,
      "version": "5.5.1",
      "outputs_to_install": [
        "out"
      ],
      "outputs": {
        "out": "/nix/store/iixpw2q471iiwbgzl6h3h9q2gc307nmn-docker-compose-5.5.1"
      },
      "system": "x86_64-linux",
      "group": "toplevel",
      "priority": 5
    },
    {
      "attr_path": "gh",
      "broken": false,
      "derivation": "/nix/store/lcp20i0cx4a592a4fdgfyyvhidfrzw4b-gh-2.101.0.drv",
      "description": "GitHub CLI tool",
      "install_id": "gh",
      "license": "MIT",
      "locked_url": "https://github.com/flox/nixpkgs?rev=4975466d324710c576dc11ad614684e6bd8cad8e",
      "name": "gh-2.101.0",
      "pname": "gh",
      "rev": "4975466d324710c576dc11ad614684e6bd8cad8e",
      "rev_count": 1078696,
      "rev_date": "2026-09-23T17:48:10Z",
      "scrape_date": "2026-09-25T04:58:29.386548Z",
      "stabilities": [
        "unstable"
      ],
      "unfree": false,
      "version": "2.101.0",
      "outputs_to_install": [
        "out",
        "out"
      ],
      "outputs": {
        "out": "/nix/store/3rn4m3ca8k6wx59xijwsqfkprjknmpba-gh-2.101.0"
      },
      "system": "aarch64-darwin",
      "group": "toplevel",
      "priority": 5
    },
    {
      "attr_path": "gh",
      "broken": false,
      "derivation": "/nix/store/vx9nd1nam6mka03g686i8gadkqfp7194-gh-2.101.0.drv",
      "description": "GitHub CLI tool",
      "install_id": "gh",
      "license": "MIT",
      "locked_url": "https://github.com/flox/nixpkgs?rev=4975466d324710c576dc11ad614684e6bd8cad8e",
      "name": "gh-2.101.0",
      "pname": "gh",
      "rev": "4975466d324710c576dc11ad614684e6bd8cad8e",
      "rev_count": 1078696,
      "rev_date": "2026-09-23T17:48:10Z",
      "scrape_date": "2026-09-25T05:30:02.807880Z",
      "stabilities": [
        "unstable"
      ],
      "unfree": false,
      "version": "2.101.0",
      "outputs_to_install": [
        "out",
        "out"
      ],
      "outputs": {
        "out": "/nix/store/054i8mw5r3ml305qa33bq4dkhjnccmxy-gh-2.101.0"
      },
      "system": "aarch64-linux",
      "group": "toplevel",
      "priority": 5
    },
    {
      "attr_path": "gh",
      "broken": false,
      "derivation": "/nix/store/28lpcz5i2plyilk09g8fh68fmd3im1jg-gh-2.101.0.drv",
      "description": "GitHub CLI tool",
      "install_id": "gh",
      "license": "MIT",
      "locked_url": "https://github.com/flox/nixpkgs?rev=4975466d324710c576dc11ad614684e6bd8cad8e",
      "name": "gh-2.101.0",
      "pname": "gh",
      "rev": "4975466d324710c576dc11ad614684e6bd8cad8e",
      "rev_count": 1078696,
      "rev_date": "2026-09-23T17:48:10Z",
      "scrape_date": "2026-09-25T06:06:26.517484Z",
      "stabilities": [
        "unstable"
      ],
      "unfree": false,
      "version": "2.101.0",
      "outputs_to_install": [
        "out",
        "out"
      ],
      "outputs": {
        "out": "/nix/store/bsjdf8dh5k8sylwzgp58ip47sbpbzw5l-gh-2.101.0"
      },
      "system": "x86_64-linux",
      "group": "toplevel",
      "priority": 5
    },
    {
      "attr_path": "git",
      "broken": false,
      "derivation": "/nix/store/595drjbl9c34drjqps63578gis6slb2b-git-2.55.0.drv",
      "description": "Distributed version control system",
      "install_id": "git",
      "license": "GPL-2.0",
      "locked_url": "https://github.com/flox/nixpkgs?rev=4975466d324710c576dc11ad614684e6bd8cad8e",
      "name": "git-2.55.0",
      "pname": "git",
      "rev": "4975466d324710c576dc11ad614684e6bd8cad8e",
      "rev_count": 1078696,
      "rev_date": "2026-09-23T17:48:10Z",
      "scrape_date": "2026-09-25T04:58:29.426376Z",
      "stabilities": [
        "unstable"
      ],
      "unfree": false,
      "version": "2.55.0",
      "outputs_to_install": [
        "out",
        "out"
      ],
      "outputs": {
        "doc": "/nix/store/bnl2gk1zzj4lshiykisi0z6y866xj7rn-git-2.55.0-doc",
        "out": "/nix/store/304vhl9qr5774qkv5rrqa0xbg429j2kk-git-2.55.0"
      },
      "system": "aarch64-darwin",
      "group": "toplevel",
      "priority": 5
    },
    {
      "attr_path": "git",
      "broken": false,
      "derivation": "/nix/store/vq6xiwp1j64iljrghwcinz80a7x3dxgc-git-2.55.0.drv",
      "description": "Distributed version control system",
      "install_id": "git",
      "license": "GPL-2.0",
      "locked_url": "https://github.com/flox/nixpkgs?rev=4975466d324710c576dc11ad614684e6bd8cad8e",
      "name": "git-2.55.0",
      "pname": "git",
      "rev": "4975466d324710c576dc11ad614684e6bd8cad8e",
      "rev_count": 1078696,
      "rev_date": "2026-09-23T17:48:10Z",
      "scrape_date": "2026-09-25T05:30:02.869243Z",
      "stabilities": [
        "unstable"
      ],
      "unfree": false,
      "version": "2.55.0",
      "outputs_to_install": [
        "out",
        "out"
      ],
      "outputs": {
        "debug": "/nix/store/ldxw9zf2xy8f6zbky0scjiqch10jdp7w-git-2.55.0-debug",
        "doc": "/nix/store/ka7q0r9bxnz0jmi2lh58qx5ijcd3lccf-git-2.55.0-doc",
        "out": "/nix/store/wnv9pqby90h45gyha0xwfp1blhmrrcv1-git-2.55.0"
      },
      "system": "aarch64-linux",
      "group": "toplevel",
      "priority": 5
    },
    {
      "attr_path": "git",
      "broken": false,
      "derivation": "/nix/store/5rkd99cklwdkxksl31vx4rpzdi4bl58a-git-2.55.0.drv",
      "description": "Distributed version control system",
      "install_id": "git",
      "license": "GPL-2.0",
      "locked_url": "https://github.com/flox/nixpkgs?rev=4975466d324710c576dc11ad614684e6bd8cad8e",
      "name": "git-2.55.0",
      "pname": "git",
      "rev": "4975466d324710c576dc11ad614684e6bd8cad8e",
      "rev_count": 1078696,
      "rev_date": "2026-09-23T17:48:10Z",
      "scrape_date": "2026-09-25T06:06:26.578742Z",
      "stabilities": [
        "unstable"
      ],
      "unfree": false,
      "version": "2.55.0",
      "outputs_to_install": [
        "out",
        "out"
      ],
      "outputs": {
        "debug": "/nix/store/kad4xijqzqlxmrsl730d2kg62jnljvih-git-2.55.0-debug",
        "doc": "/nix/store/b3f5zvzp33c79pa6pdpyg7kc9hah1826-git-2.55.0-doc",
        "out": "/nix/store/msr1v91ybfw6j12rs5mfl8ghb2rqsnsr-git-2.55.0"
      },
      "system": "x86_64-linux",
      "group": "toplevel",
      "priority": 5
    },
    {
      "attr_path": "go-task",
      "broken": false,
      "derivation": "/nix/store/xvxxhllzzz9fkaypllk7qh9bkrfrq0l5-go-task-3.53.1.drv",
      "description": "Task runner / simpler Make alternative written in Go",
      "install_id": "go-task",
      "license": "MIT",
      "locked_url": "https://github.com/flox/nixpkgs?rev=4975466d324710c576dc11ad614684e6bd8cad8e",
      "name": "go-task-3.53.1",
      "pname": "go-task",
      "rev": "4975466d324710c576dc11ad614684e6bd8cad8e",
      "rev_count": 1078696,
      "rev_date": "2026-09-23T17:48:10Z",
      "scrape_date": "2026-09-25T04:58:29.609424Z",
      "stabilities": [
        "unstable"
      ],
      "unfree": false,
      "version": "3.53.1",
      "outputs_to_install": [
        "out"
      ],
      "outputs": {
        "out": "/nix/store/7jqcib0kb5gjnk40fpgdbzgb79lf5fnf-go-task-3.53.1"
      },
      "system": "aarch64-darwin",
      "group": "toplevel",
      "priority": 5
    },
    {
      "attr_path": "go-task",
      "broken": false,
      "derivation": "/nix/store/3pfzpwajn71j2s3sxgfwzm41v1a4yi85-go-task-3.53.1.drv",
      "description": "Task runner / simpler Make alternative written in Go",
      "install_id": "go-task",
      "license": "MIT",
      "locked_url": "https://github.com/flox/nixpkgs?rev=4975466d324710c576dc11ad614684e6bd8cad8e",
      "name": "go-task-3.53.1",
      "pname": "go-task",
      "rev": "4975466d324710c576dc11ad614684e6bd8cad8e",
      "rev_count": 1078696,
      "rev_date": "2026-09-23T17:48:10Z",
      "scrape_date": "2026-09-25T05:30:03.850231Z",
      "stabilities": [
        "unstable"
      ],
      "unfree": false,
      "version": "3.53.1",
      "outputs_to_install": [
        "out"
      ],
      "outputs": {
        "out": "/nix/store/sjvr7gk3qnff81s2dqhg2zz1hp4498jg-go-task-3.53.1"
      },
      "system": "aarch64-linux",
      "group": "toplevel",
      "priority": 5
    },
    {
      "attr_path": "go-task",
      "broken": false,
      "derivation": "/nix/store/ql6x1q89hxm496rs74nmddl9zh7nygvr-go-task-3.53.1.drv",
      "description": "Task runner / simpler Make alternative written in Go",
      "install_id": "go-task",
      "license": "MIT",
      "locked_url": "https://github.com/flox/nixpkgs?rev=4975466d324710c576dc11ad614684e6bd8cad8e",
      "name": "go-task-3.53.1",
      "pname": "go-task",
      "rev": "4975466d324710c576dc11ad614684e6bd8cad8e",
      "rev_count": 1078696,
      "rev_date": "2026-09-23T17:48:10Z",
      "scrape_date": "2026-09-25T06:06:27.542664Z",
      "stabilities": [
        "unstable"
      ],
      "unfree": false,
      "version": "3.53.1",
      "outputs_to_install": [
        "out"
      ],
      "outputs": {
        "out": "/nix/store/5f55ks7v3f7lg5z88zahl46dn42i4clv-go-task-3.53.1"
      },
      "system": "x86_64-linux",
      "group": "toplevel",
      "priority": 5
    },
    {
      "attr_path": "golangci-lint",
      "broken": false,
      "derivation": "/nix/store/r79r20yqmnnc1ybs1ra1h3647fzbqi0y-golangci-lint-2.13.2.drv",
      "description": "Fast linters Runner for Go",
      "install_id": "golangci-lint",
      "license": "GPL-3.0-or-later",
      "locked_url": "https://github.com/flox/nixpkgs?rev=4975466d324710c576dc11ad614684e6bd8cad8e",
      "name": "golangci-lint-2.13.2",
      "pname": "golangci-lint",
      "rev": "4975466d324710c576dc11ad614684e6bd8cad8e",
      "rev_count": 1078696,
      "rev_date": "2026-09-23T17:48:10Z",
      "scrape_date": "2026-09-25T04:58:29.653518Z",
      "stabilities": [
        "unstable"
      ],
      "unfree": false,
      "version": "2.13.2",
      "outputs_to_install": [
        "out"
      ],
      "outputs": {
        "out": "/nix/store/86zcj3bjakjbbv0mw45hnfzakp4lbyj7-golangci-lint-2.13.2"
      },
      "system": "aarch64-darwin",
      "group": "toplevel",
      "priority": 5
    },
    {
      "attr_path": "golangci-lint",
      "broken": false,
      "derivation": "/nix/store/3k60ykanla1s539ky0z1alcv24nsrpbz-golangci-lint-2.13.2.drv",
      "description": "Fast linters Runner for Go",
      "install_id": "golangci-lint",
      "license": "GPL-3.0-or-later",
      "locked_url": "https://github.com/flox/nixpkgs?rev=4975466d324710c576dc11ad614684e6bd8cad8e",
      "name": "golangci-lint-2.13.2",
      "pname": "golangci-lint",
      "rev": "4975466d324710c576dc11ad614684e6bd8cad8e",
      "rev_count": 1078696,
      "rev_date": "2026-09-23T17:48:10Z",
      "scrape_date": "2026-09-25T05:30:03.928028Z",
      "stabilities": [
        "unstable"
      ],
      "unfree": false,
      "version": "2.13.2",
      "outputs_to_install": [
        "out"
      ],
      "outputs": {
        "out": "/nix/store/y2an7133w5r04086j4jl1niwsr67rx48-golangci-lint-2.13.2"
      },
      "system": "aarch64-linux",
      "group": "toplevel",
      "priority": 5
    },
    {
      "attr_path": "golangci-lint",
      "broken": false,
      "derivation": "/nix/store/hzajn6lwarrhvh24jfkxxhd8wdir7d5h-golangci-lint-2.13.2.drv",
      "description": "Fast linters Runner for Go",
      "install_id": "golangci-lint",
      "license": "GPL-3.0-or-later",
      "locked_url": "https://github.com/flox/nixpkgs?rev=4975466d324710c576dc11ad614684e6bd8cad8e",
      "name": "golangci-lint-2.13.2",
      "pname": "golangci-lint",
      "rev": "4975466d324710c576dc11ad614684e6bd8cad8e",
      "rev_count": 1078696,
      "rev_date": "2026-09-23T17:48:10Z",
      "scrape_date": "2026-09-25T06:06:27.620262Z",
      "stabilities": [
        "unstable"
      ],
      "unfree": false,
      "version": "2.13.2",
      "outputs_to_install": [
        "out"
      ],
      "outputs": {
        "out": "/nix/store/ilazks9wgdw6vbc6q8gb2i4by1r1cr73-golangci-lint-2.13.2"
      },
      "system": "x86_64-linux",
      "group": "toplevel",
      "priority": 5
    },
    {
      "attr_path": "gopls",
      "broken": false,
      "derivation": "/nix/store/fa70rd506xibh6j213ji928ibqkp65yb-gopls-0.23.0.drv",
      "description": "Official language server for the Go language",
      "install_id": "gopls",
      "license": "BSD-3-Clause",
      "locked_url": "https://github.com/flox/nixpkgs?rev=4975466d324710c576dc11ad614684e6bd8cad8e",
      "name": "gopls-0.23.0",
      "pname": "gopls",
      "rev": "4975466d324710c576dc11ad614684e6bd8cad8e",
      "rev_count": 1078696,
      "rev_date": "2026-09-23T17:48:10Z",
      "scrape_date": "2026-09-25T04:58:29.676857Z",
      "stabilities": [
        "unstable"
      ],
      "unfree": false,
      "version": "0.23.0",
      "outputs_to_install": [
        "out"
      ],
      "outputs": {
        "out": "/nix/store/p5lfq306nsm8c9x42gs9nkgzrkkcc8f8-gopls-0.23.0"
      },
      "system": "aarch64-darwin",
      "group": "toplevel",
      "priority": 5
    },
    {
      "attr_path": "gopls",
      "broken": false,
      "derivation": "/nix/store/pfnay79jb499jp1hz85j5w80ch8vr10p-gopls-0.23.0.drv",
      "description": "Official language server for the Go language",
      "install_id": "gopls",
      "license": "BSD-3-Clause",
      "locked_url": "https://github.com/flox/nixpkgs?rev=4975466d324710c576dc11ad614684e6bd8cad8e",
      "name": "gopls-0.23.0",
      "pname": "gopls",
      "rev": "4975466d324710c576dc11ad614684e6bd8cad8e",
      "rev_count": 1078696,
      "rev_date": "2026-09-23T17:48:10Z",
      "scrape_date": "2026-09-25T05:30:03.969211Z",
      "stabilities": [
        "unstable"
      ],
      "unfree": false,
      "version": "0.23.0",
      "outputs_to_install": [
        "out"
      ],
      "outputs": {
        "out": "/nix/store/hc1fqlx6cbqvdl3vwxc6jbhxb94r3xfw-gopls-0.23.0"
      },
      "system": "aarch64-linux",
      "group": "toplevel",
      "priority": 5
    },
    {
      "attr_path": "gopls",
      "broken": false,
      "derivation": "/nix/store/l0j9w680w9iqf9jpdp06vv6wzzyihjlg-gopls-0.23.0.drv",
      "description": "Official language server for the Go language",
      "install_id": "gopls",
      "license": "BSD-3-Clause",
      "locked_url": "https://github.com/flox/nixpkgs?rev=4975466d324710c576dc11ad614684e6bd8cad8e",
      "name": "gopls-0.23.0",
      "pname": "gopls",
      "rev": "4975466d324710c576dc11ad614684e6bd8cad8e",
      "rev_count": 1078696,
      "rev_date": "2026-09-23T17:48:10Z",
      "scrape_date": "2026-09-25T06:06:27.661879Z",
      "stabilities": [
        "unstable"
      ],
      "unfree": false,
      "version": "0.23.0",
      "outputs_to_install": [
        "out"
      ],
      "outputs": {
        "out": "/nix/store/a8362xqnzxwhdpbdhfq6q5s1afh7xxyw-gopls-0.23.0"
      },
      "system": "x86_64-linux",
      "group": "toplevel",
      "priority": 5
    },
    {
      "attr_path": "k3d",
      "broken": false,
      "derivation": "/nix/store/l45qs4y0pykwfrw62p7k2qwjj1dwbwk7-k3d-5.9.0.drv",
      "description": "Helper to run k3s (Lightweight Kubernetes. 5 less than k8s) in a docker container",
      "install_id": "k3d",
      "license": "MIT",
      "locked_url": "https://github.com/flox/nixpkgs?rev=4975466d324710c576dc11ad614684e6bd8cad8e",
      "name": "k3d-5.9.0",
      "pname": "k3d",
      "rev": "4975466d324710c576dc11ad614684e6bd8cad8e",
      "rev_count": 1078696,
      "rev_date": "2026-09-23T17:48:10Z",
      "scrape_date": "2026-09-25T04:58:45.407003Z",
      "stabilities": [
        "unstable"
      ],
      "unfree": false,
      "version": "5.9.0",
      "outputs_to_install": [
        "out"
      ],
      "outputs": {
        "out": "/nix/store/j5ra0f957xdml7gzp9lh624bbqshn09d-k3d-5.9.0"
      },
      "system": "aarch64-darwin",
      "group": "toplevel",
      "priority": 5
    },
    {
      "attr_path": "k3d",
      "broken": false,
      "derivation": "/nix/store/fyd8abry5pcnqy52nzv4gwwjwj898gsf-k3d-5.9.0.drv",
      "description": "Helper to run k3s (Lightweight Kubernetes. 5 less than k8s) in a docker container",
      "install_id": "k3d",
      "license": "MIT",
      "locked_url": "https://github.com/flox/nixpkgs?rev=4975466d324710c576dc11ad614684e6bd8cad8e",
      "name": "k3d-5.9.0",
      "pname": "k3d",
      "rev": "4975466d324710c576dc11ad614684e6bd8cad8e",
      "rev_count": 1078696,
      "rev_date": "2026-09-23T17:48:10Z",
      "scrape_date": "2026-09-25T05:30:24.154870Z",
      "stabilities": [
        "unstable"
      ],
      "unfree": false,
      "version": "5.9.0",
      "outputs_to_install": [
        "out"
      ],
      "outputs": {
        "out": "/nix/store/83w6759z97vysjda9f8kcqdvkiihlsad-k3d-5.9.0"
      },
      "system": "aarch64-linux",
      "group": "toplevel",
      "priority": 5
    },
    {
      "attr_path": "k3d",
      "broken": false,
      "derivation": "/nix/store/3rv7z80gqs8bwicdjirff0qzjxvhxh5b-k3d-5.9.0.drv",
      "description": "Helper to run k3s (Lightweight Kubernetes. 5 less than k8s) in a docker container",
      "install_id": "k3d",
      "license": "MIT",
      "locked_url": "https://github.com/flox/nixpkgs?rev=4975466d324710c576dc11ad614684e6bd8cad8e",
      "name": "k3d-5.9.0",
      "pname": "k3d",
      "rev": "4975466d324710c576dc11ad614684e6bd8cad8e",
      "rev_count": 1078696,
      "rev_date": "2026-09-23T17:48:10Z",
      "scrape_date": "2026-09-25T06:06:48.267385Z",
      "stabilities": [
        "unstable"
      ],
      "unfree": false,
      "version": "5.9.0",
      "outputs_to_install": [
        "out"
      ],
      "outputs": {
        "out": "/nix/store/bgk68xqav5cn5axjvdaysyyxjxmm69l1-k3d-5.9.0"
      },
      "system": "x86_64-linux",
      "group": "toplevel",
      "priority": 5
    },
    {
      "attr_path": "markdownlint-cli",
      "broken": false,
      "derivation": "/nix/store/x0f4vz17f4g0yk2nb3pvyiw5xixkbhrf-markdownlint-cli-0.49.1.drv",
      "description": "Command line interface for MarkdownLint",
      "install_id": "markdownlint-cli",
      "license": "MIT",
      "locked_url": "https://github.com/flox/nixpkgs?rev=4975466d324710c576dc11ad614684e6bd8cad8e",
      "name": "markdownlint-cli-0.49.1",
      "pname": "markdownlint-cli",
      "rev": "4975466d324710c576dc11ad614684e6bd8cad8e",
      "rev_count": 1078696,
      "rev_date": "2026-09-23T17:48:10Z",
      "scrape_date": "2026-09-25T04:58:50.617302Z",
      "stabilities": [
        "unstable"
      ],
      "unfree": false,
      "version": "0.49.1",
      "outputs_to_install": [
        "out"
      ],
      "outputs": {
        "out": "/nix/store/yjgicc7ms2ibgwisr2xq988ma2cwgv8v-markdownlint-cli-0.49.1"
      },
      "system": "aarch64-darwin",
      "group": "toplevel",
      "priority": 5
    },
    {
      "attr_path": "markdownlint-cli",
      "broken": false,
      "derivation": "/nix/store/5xi3prvkgr8a0szls95fdjznwlp6h2p3-markdownlint-cli-0.49.1.drv",
      "description": "Command line interface for MarkdownLint",
      "install_id": "markdownlint-cli",
      "license": "MIT",
      "locked_url": "https://github.com/flox/nixpkgs?rev=4975466d324710c576dc11ad614684e6bd8cad8e",
      "name": "markdownlint-cli-0.49.1",
      "pname": "markdownlint-cli",
      "rev": "4975466d324710c576dc11ad614684e6bd8cad8e",
      "rev_count": 1078696,
      "rev_date": "2026-09-23T17:48:10Z",
      "scrape_date": "2026-09-25T05:30:35.825837Z",
      "stabilities": [
        "unstable"
      ],
      "unfree": false,
      "version": "0.49.1",
      "outputs_to_install": [
        "out"
      ],
      "outputs": {
        "out": "/nix/store/lgdagkyk64r2x5kdxvz8qgkzywnlmvl1-markdownlint-cli-0.49.1"
      },
      "system": "aarch64-linux",
      "group": "toplevel",
      "priority": 5
    },
    {
      "attr_path": "markdownlint-cli",
      "broken": false,
      "derivation": "/nix/store/4zpm3yx5a1ppaxyrykvg13ila606m7il-markdownlint-cli-0.49.1.drv",
      "description": "Command line interface for MarkdownLint",
      "install_id": "markdownlint-cli",
      "license": "MIT",
      "locked_url": "https://github.com/flox/nixpkgs?rev=4975466d324710c576dc11ad614684e6bd8cad8e",
      "name": "markdownlint-cli-0.49.1",
      "pname": "markdownlint-cli",
      "rev": "4975466d324710c576dc11ad614684e6bd8cad8e",
      "rev_count": 1078696,
      "rev_date": "2026-09-23T17:48:10Z",
      "scrape_date": "2026-09-25T06:07:01.632424Z",
      "stabilities": [
        "unstable"
      ],
      "unfree": false,
      "version": "0.49.1",
      "outputs_to_install": [
        "out"
      ],
      "outputs": {
        "out": "/nix/store/8kbzxdvf63zlryfaprrr8qv5vp42hj5q-markdownlint-cli-0.49.1"
      },
      "system": "x86_64-linux",
      "group": "toplevel",
      "priority": 5
    },
    {
      "attr_path": "nodejs_24",
      "broken": false,
      "derivation": "/nix/store/j062ph4sqspapzz4bz4knx0icy2kfgjy-nodejs-24.20.0.drv",
      "description": "Event-driven I/O framework for the V8 JavaScript engine",
      "install_id": "nodejs",
      "license": "MIT",
      "locked_url": "https://github.com/flox/nixpkgs?rev=4975466d324710c576dc11ad614684e6bd8cad8e",
      "name": "nodejs-24.20.0",
      "pname": "nodejs_24",
      "rev": "4975466d324710c576dc11ad614684e6bd8cad8e",
      "rev_count": 1078696,
      "rev_date": "2026-09-23T17:48:10Z",
      "scrape_date": "2026-09-25T04:58:53.085554Z",
      "stabilities": [
        "unstable"
      ],
      "unfree": false,
      "version": "24.20.0",
      "outputs_to_install": [
        "out",
        "out"
      ],
      "outputs": {
        "out": "/nix/store/7pn7zw2sciv3fih9l4xpyvx0q8hlrr0w-nodejs-24.20.0"
      },
      "system": "aarch64-darwin",
      "group": "toplevel",
      "priority": 5
    },
    {
      "attr_path": "nodejs_24",
      "broken": false,
      "derivation": "/nix/store/z4ixg7wqqz4wvlvb3ava11m1khid3a1g-nodejs-24.20.0.drv",
      "description": "Event-driven I/O framework for the V8 JavaScript engine",
      "install_id": "nodejs",
      "license": "MIT",
      "locked_url": "https://github.com/flox/nixpkgs?rev=4975466d324710c576dc11ad614684e6bd8cad8e",
      "name": "nodejs-24.20.0",
      "pname": "nodejs_24",
      "rev": "4975466d324710c576dc11ad614684e6bd8cad8e",
      "rev_count": 1078696,
      "rev_date": "2026-09-23T17:48:10Z",
      "scrape_date": "2026-09-25T05:30:39.985174Z",
      "stabilities": [
        "unstable"
      ],
      "unfree": false,
      "version": "24.20.0",
      "outputs_to_install": [
        "out",
        "out"
      ],
      "outputs": {
        "out": "/nix/store/hnizp3p9k7gix8iqlip1pai9fy417ygy-nodejs-24.20.0"
      },
      "system": "aarch64-linux",
      "group": "toplevel",
      "priority": 5
    },
    {
      "attr_path": "nodejs_24",
      "broken": false,
      "derivation": "/nix/store/0z73lh3jfj7hpng8kiinipj94wrwa0j9-nodejs-24.20.0.drv",
      "description": "Event-driven I/O framework for the V8 JavaScript engine",
      "install_id": "nodejs",
      "license": "MIT",
      "locked_url": "https://github.com/flox/nixpkgs?rev=4975466d324710c576dc11ad614684e6bd8cad8e",
      "name": "nodejs-24.20.0",
      "pname": "nodejs_24",
      "rev": "4975466d324710c576dc11ad614684e6bd8cad8e",
      "rev_count": 1078696,
      "rev_date": "2026-09-23T17:48:10Z",
      "scrape_date": "2026-09-25T06:07:06.259502Z",
      "stabilities": [
        "unstable"
      ],
      "unfree": false,
      "version": "24.20.0",
      "outputs_to_install": [
        "out",
        "out"
      ],
      "outputs": {
        "out": "/nix/store/v6wsd9nyglmwh32yn7w8z11dq9cksg4m-nodejs-24.20.0"
      },
      "system": "x86_64-linux",
      "group": "toplevel",
      "priority": 5
    },
    {
      "attr_path": "ripgrep",
      "broken": false,
      "derivation": "/nix/store/s6lvfn713yl4hisds9ccbfga63wfwg72-ripgrep-15.2.0.drv",
      "description": "Utility that combines the usability of The Silver Searcher with the raw speed of grep",
      "install_id": "ripgrep",
      "license": "[ Unlicense, MIT ]",
      "locked_url": "https://github.com/flox/nixpkgs?rev=4975466d324710c576dc11ad614684e6bd8cad8e",
      "name": "ripgrep-15.2.0",
      "pname": "ripgrep",
      "rev": "4975466d324710c576dc11ad614684e6bd8cad8e",
      "rev_count": 1078696,
      "rev_date": "2026-09-23T17:48:10Z",
      "scrape_date": "2026-09-25T05:00:02.057593Z",
      "stabilities": [
        "unstable"
      ],
      "unfree": false,
      "version": "15.2.0",
      "outputs_to_install": [
        "out",
        "out"
      ],
      "outputs": {
        "out": "/nix/store/z85gi5j702y75rn09w6zdrzj6ymrh9i9-ripgrep-15.2.0"
      },
      "system": "aarch64-darwin",
      "group": "toplevel",
      "priority": 5
    },
    {
      "attr_path": "ripgrep",
      "broken": false,
      "derivation": "/nix/store/6vhxfby7ls63b0xj8d6758cmki32h134-ripgrep-15.2.0.drv",
      "description": "Utility that combines the usability of The Silver Searcher with the raw speed of grep",
      "install_id": "ripgrep",
      "license": "[ Unlicense, MIT ]",
      "locked_url": "https://github.com/flox/nixpkgs?rev=4975466d324710c576dc11ad614684e6bd8cad8e",
      "name": "ripgrep-15.2.0",
      "pname": "ripgrep",
      "rev": "4975466d324710c576dc11ad614684e6bd8cad8e",
      "rev_count": 1078696,
      "rev_date": "2026-09-23T17:48:10Z",
      "scrape_date": "2026-09-25T05:32:08.193814Z",
      "stabilities": [
        "unstable"
      ],
      "unfree": false,
      "version": "15.2.0",
      "outputs_to_install": [
        "out",
        "out"
      ],
      "outputs": {
        "out": "/nix/store/6z0x460fggf3yclppp911w5n2awrf6a3-ripgrep-15.2.0"
      },
      "system": "aarch64-linux",
      "group": "toplevel",
      "priority": 5
    },
    {
      "attr_path": "ripgrep",
      "broken": false,
      "derivation": "/nix/store/1hiqcb1xg6k56wnv6b5d9djgwg5dl9lh-ripgrep-15.2.0.drv",
      "description": "Utility that combines the usability of The Silver Searcher with the raw speed of grep",
      "install_id": "ripgrep",
      "license": "[ Unlicense, MIT ]",
      "locked_url": "https://github.com/flox/nixpkgs?rev=4975466d324710c576dc11ad614684e6bd8cad8e",
      "name": "ripgrep-15.2.0",
      "pname": "ripgrep",
      "rev": "4975466d324710c576dc11ad614684e6bd8cad8e",
      "rev_count": 1078696,
      "rev_date": "2026-09-23T17:48:10Z",
      "scrape_date": "2026-09-25T06:08:37.538661Z",
      "stabilities": [
        "unstable"
      ],
      "unfree": false,
      "version": "15.2.0",
      "outputs_to_install": [
        "out",
        "out"
      ],
      "outputs": {
        "out": "/nix/store/hkclq7d0j10l7gk1v2hpif398dvnq6lz-ripgrep-15.2.0"
      },
      "system": "x86_64-linux",
      "group": "toplevel",
      "priority": 5
    },
    {
      "install_id": "infer",
      "locked-url": "github:inference-gateway/cli/b8923ef154e053e91389678c0028d89c2a65f44b?narHash=sha256-IoRqOvgSzmOEdThRQlXmgffadeoryZBoTkEIqDGhPq8%3D",
      "flake-description": "Inference Gateway CLI - infer",
      "locked-flake-attr-path": "packages.aarch64-darwin.default",
      "derivation": "/nix/store/ij7cm08kca08qfk8s28zb4ycnazb4ig5-infer-0.207.0.drv",
      "outputs": {
        "out": "/nix/store/yzfsk31q98fykw0pb1zsbfz65adf9qz7-infer-0.207.0"
      },
      "output-names": [
        "out"
      ],
      "outputs-to-install": [
        "out"
      ],
      "requested-outputs-to-install": [],
      "package-system": "aarch64-darwin",
      "system": "aarch64-darwin",
      "name": "infer-0.207.0",
      "pname": "infer",
      "version": "0.207.0",
      "description": "Command-line interface for the Inference Gateway - AI model interaction manager",
      "licenses": [
        "MIT"
      ],
      "broken": false,
      "unfree": false,
      "priority": 5
    },
    {
      "install_id": "infer",
      "locked-url": "github:inference-gateway/cli/b8923ef154e053e91389678c0028d89c2a65f44b?narHash=sha256-IoRqOvgSzmOEdThRQlXmgffadeoryZBoTkEIqDGhPq8%3D",
      "flake-description": "Inference Gateway CLI - infer",
      "locked-flake-attr-path": "packages.aarch64-linux.default",
      "derivation": "/nix/store/gpa27p00ddl9ygbnx5jzaxcqd0ny407z-infer-0.207.0.drv",
      "outputs": {
        "out": "/nix/store/wxsrzshwvm35izd7a0r293wpyqzfrab7-infer-0.207.0"
      },
      "output-names": [
        "out"
      ],
      "outputs-to-install": [
        "out"
      ],
      "requested-outputs-to-install": [],
      "package-system": "aarch64-linux",
      "system": "aarch64-linux",
      "name": "infer-0.207.0",
      "pname": "infer",
      "version": "0.207.0",
      "description": "Command-line interface for the Inference Gateway - AI model interaction manager",
      "licenses": [
        "MIT"
      ],
      "broken": false,
      "unfree": false,
      "priority": 5
    },
    {
      "install_id": "infer",
      "locked-url": "github:inference-gateway/cli/b8923ef154e053e91389678c0028d89c2a65f44b?narHash=sha256-IoRqOvgSzmOEdThRQlXmgffadeoryZBoTkEIqDGhPq8%3D",
      "flake-description": "Inference Gateway CLI - infer",
      "locked-flake-attr-path": "packages.x86_64-linux.default",
      "derivation": "/nix/store/p68844w4943h2kbff32dd136ni50rs0g-infer-0.207.0.drv",
      "outputs": {
        "out": "/nix/store/x0li7sai92yskrxr2p5q23yq2fi2prjh-infer-0.207.0"
      },
      "output-names": [
        "out"
      ],
      "outputs-to-install": [
        "out"
      ],
      "requested-outputs-to-install": [],
      "package-system": "x86_64-linux",
      "system": "x86_64-linux",
      "name": "infer-0.207.0",
      "pname": "infer",
      "version": "0.207.0",
      "description": "Command-line interface for the Inference Gateway - AI model interaction manager",
      "licenses": [
        "MIT"
      ],
      "broken": false,
      "unfree": false,
      "priority": 5
    }
  ]
}
